// !$*UTF8*$!
{
	archiveVersion = 1;
	classes = {
	};
	objectVersion = 77;
	objects = {

/* Begin PBXBuildFile section */
		005401E5AAEAA859BC0A2458 /* TranslationServiceLayoutProbe.swift in Sources */ = {isa = PBXBuildFile; fileRef = 9A54F8D8727658C3C365671D /* TranslationServiceLayoutProbe.swift */; };
		00A7F7EF2BCA8903A645DD37 /* RegionSelectionController.swift in Sources */ = {isa = PBXBuildFile; fileRef = 5947C519F56B592FBFC0B8D4 /* RegionSelectionController.swift */; };
		01C983AF3D24F41743D317EC /* MaterialPreferencesTests.swift in Sources */ = {isa = PBXBuildFile; fileRef = 594B3320E5DF270F973F4C29 /* MaterialPreferencesTests.swift */; };
		03AE28D4BD9FC75022411521 /* BoundedTranslationHTTPTransport.swift in Sources */ = {isa = PBXBuildFile; fileRef = E8FDAAFD8733668B8D9B3BC8 /* BoundedTranslationHTTPTransport.swift */; };
		043BCE63ED6C779D32EAE1D7 /* TranslationProvider.swift in Sources */ = {isa = PBXBuildFile; fileRef = 182ABE138C6DD5B44A976D65 /* TranslationProvider.swift */; };
		04CF8449A63185FE489FBA9C /* ShortcutSettings.swift in Sources */ = {isa = PBXBuildFile; fileRef = 15FB22DAED71CB3FC40362CA /* ShortcutSettings.swift */; };
		05B52E454089B4B1C8CB3C30 /* Sparkle in Frameworks */ = {isa = PBXBuildFile; productRef = 5891EBDA35D33E5825757024 /* Sparkle */; };
		08028697A7DC2F33BD8D8461 /* CodexTranslationProvider.swift in Sources */ = {isa = PBXBuildFile; fileRef = 60D614FC84027B8291259F71 /* CodexTranslationProvider.swift */; };
		0CDA3277EEC3D848E50B5A56 /* RemoteTranslationError.swift in Sources */ = {isa = PBXBuildFile; fileRef = 65E3D4899CAB64AF2A657C0E /* RemoteTranslationError.swift */; };
		10671AB3FA9DA9EA8543EDC7 /* CaptureGeometry.swift in Sources */ = {isa = PBXBuildFile; fileRef = 329C0869448ACCA8983383CA /* CaptureGeometry.swift */; };
		122652C65D6F39E370FAD818 /* TranslationAccountUsageLoader.swift in Sources */ = {isa = PBXBuildFile; fileRef = 7652A57E1C1A4B12AA939B87 /* TranslationAccountUsageLoader.swift */; };
		137A404087294C3A9F429AE2 /* SystemPermission.swift in Sources */ = {isa = PBXBuildFile; fileRef = 95B2D7C77A1ABED83079AEB3 /* SystemPermission.swift */; };
		1438D21F582EBB6DF46DFCF6 /* RemoteTranslationProvider.swift in Sources */ = {isa = PBXBuildFile; fileRef = 4D3D11607422F48F76CE5464 /* RemoteTranslationProvider.swift */; };
		15BA4DD759503EE4FF00A094 /* LanguageCatalog.swift in Sources */ = {isa = PBXBuildFile; fileRef = 16DD65E172036930E3A85C9E /* LanguageCatalog.swift */; };
		1767F3DA1433149D8C05BC15 /* ClaudeTranslationResponseParser.swift in Sources */ = {isa = PBXBuildFile; fileRef = 835745D5E8967A86154BCEBE /* ClaudeTranslationResponseParser.swift */; };
		17BB4AEE2A4B5CE7E8F424A0 /* TranslationModel.swift in Sources */ = {isa = PBXBuildFile; fileRef = FCAFD15171249958D79B7F57 /* TranslationModel.swift */; };
		19810D811F962CF097F0B204 /* LegacyPreferencesMigrationTests.swift in Sources */ = {isa = PBXBuildFile; fileRef = 71DB31EAA501A0D191D102B5 /* LegacyPreferencesMigrationTests.swift */; };
		1C8B3A13A15DCB51F78ACF3A /* TranslationServiceEditorTests.swift in Sources */ = {isa = PBXBuildFile; fileRef = BF07417FDDA13AE6A7A67347 /* TranslationServiceEditorTests.swift */; };
		1DE37D1CF334DFA0CCF2FD06 /* ProviderLogoNotices.txt in Resources */ = {isa = PBXBuildFile; fileRef = 834B51DE03375F4F73FBB21C /* ProviderLogoNotices.txt */; };
		1E42B77759801D00AFE07E37 /* ScreenCaptureTests.swift in Sources */ = {isa = PBXBuildFile; fileRef = 19CC946CCB1F5EDF2F5BF94F /* ScreenCaptureTests.swift */; };
		1E5F9F320984FDCA39D68D35 /* Localizable.strings in Resources */ = {isa = PBXBuildFile; fileRef = 8A58E117099936FADF411754 /* Localizable.strings */; };
		2294ED335B7FAECF95F2D4E7 /* DedicatedTranslationProvider.swift in Sources */ = {isa = PBXBuildFile; fileRef = 4ACF48D08DDD845E51863BF0 /* DedicatedTranslationProvider.swift */; };
		245A6FA7563DCA96BAF56AD2 /* MenuBarControllerTests.swift in Sources */ = {isa = PBXBuildFile; fileRef = 85246E5D5E3A619371308838 /* MenuBarControllerTests.swift */; };
		25710F947DE116CEDCE5FB97 /* TranslationServiceChecksControllerTests.swift in Sources */ = {isa = PBXBuildFile; fileRef = 8C107EF8AD0AFAEF2AC3FF5E /* TranslationServiceChecksControllerTests.swift */; };
		289CFFD9B333AB2C8BDDEE6D /* TranslationServicePicker.swift in Sources */ = {isa = PBXBuildFile; fileRef = BC9BACD5F85C9275F5E211C6 /* TranslationServicePicker.swift */; };
		2900109ED3EF619B6E777EF4 /* LanguageCatalogTests.swift in Sources */ = {isa = PBXBuildFile; fileRef = 2117FFCE4A7B3ADAD90EEFD7 /* LanguageCatalogTests.swift */; };
		2B5F499C90CA671B4AA0D451 /* PermissionStatus.swift in Sources */ = {isa = PBXBuildFile; fileRef = 73B392FFB63F0AE8BCFCE42A /* PermissionStatus.swift */; };
		2DE16FD248B8957E4D70775F /* ShortcutManager.swift in Sources */ = {isa = PBXBuildFile; fileRef = BCC3B26A67853898FB3FCEA1 /* ShortcutManager.swift */; };
		315DEBE8145BC3C99DC1E6D6 /* L10n.swift in Sources */ = {isa = PBXBuildFile; fileRef = 3FEE4DFD4A08160873105F75 /* L10n.swift */; };
		3396870330D0EEEC1DA08D6D /* TranslationTextEditor.swift in Sources */ = {isa = PBXBuildFile; fileRef = B755080EAE8CC7303CE31F95 /* TranslationTextEditor.swift */; };
		33ACC50D201825D7639E0989 /* TranslationServiceModelCatalog.swift in Sources */ = {isa = PBXBuildFile; fileRef = CE5ED3A228431C64ECAB7211 /* TranslationServiceModelCatalog.swift */; };
		3784800BDDABF1506B53B7BD /* TranslationToolbarTests.swift in Sources */ = {isa = PBXBuildFile; fileRef = 9E72752F2DC150DBFB30D453 /* TranslationToolbarTests.swift */; };
		37B173E7FB619FF51ECF7C51 /* CodexAccountEditorTests.swift in Sources */ = {isa = PBXBuildFile; fileRef = DCDBE3E7BE7E379E8A267EE2 /* CodexAccountEditorTests.swift */; };
		37B7C68E7CA1F65BDD2850A3 /* AppDelegate.swift in Sources */ = {isa = PBXBuildFile; fileRef = 038BF1059B28447DBA4D6539 /* AppDelegate.swift */; };
		3A93337BD1C036DF7AFD94C1 /* BidirectionalTranslationTests.swift in Sources */ = {isa = PBXBuildFile; fileRef = 5CAD1BFA3ACD19F1A6D3B588 /* BidirectionalTranslationTests.swift */; };
		3D30AB78B8DC8C39902617F4 /* TencentTranslationProviderTests.swift in Sources */ = {isa = PBXBuildFile; fileRef = EE09EEEC326BFBC3D2D81F23 /* TencentTranslationProviderTests.swift */; };
		3D85E88540D313A15FE7A432 /* AppPreferences.swift in Sources */ = {isa = PBXBuildFile; fileRef = 454636B40C63368D859E5179 /* AppPreferences.swift */; };
		407BB82A05EFDF05E16BE768 /* IsolatedWindowTestSupport.swift in Sources */ = {isa = PBXBuildFile; fileRef = 8ACB5EFFB445778CE5C6636F /* IsolatedWindowTestSupport.swift */; };
		434E06A20A2C51E0FB39B1A2 /* RegionSelectionTests.swift in Sources */ = {isa = PBXBuildFile; fileRef = E85F6E384C2A04B64A4FA920 /* RegionSelectionTests.swift */; };
		447AECF929626F2AF3275F98 /* TranslationAccountUsageTests.swift in Sources */ = {isa = PBXBuildFile; fileRef = 3A3C2932D4418E3FBA016384 /* TranslationAccountUsageTests.swift */; };
		45C795A36E74570ED91DA165 /* LegacyPreferencesMigration.swift in Sources */ = {isa = PBXBuildFile; fileRef = 12EDD5EAE0E632EC1C80F6DF /* LegacyPreferencesMigration.swift */; };
		46BAF5E80BA8BF1E2B29B6A0 /* AppleTranslationHostTests.swift in Sources */ = {isa = PBXBuildFile; fileRef = 164FB3C3CFEE96EA1537A75B /* AppleTranslationHostTests.swift */; };
		4838B27114638F0DD5A77225 /* SelectionTypes.swift in Sources */ = {isa = PBXBuildFile; fileRef = 5A1978B17CF1DB3D6885A58D /* SelectionTypes.swift */; };
		491D574EBA7DD37E9894D9A1 /* QwenMTTranslationProviderTests.swift in Sources */ = {isa = PBXBuildFile; fileRef = EB6E1BBDE703F0CA9FB9C577 /* QwenMTTranslationProviderTests.swift */; };
		4E0D4CFC3270FDA5FABB3A7F /* CodexAccountControllerTests.swift in Sources */ = {isa = PBXBuildFile; fileRef = 90B9CB6196295B0C1FE2A051 /* CodexAccountControllerTests.swift */; };
		516824395FD8C0909590DD84 /* SelectionTests.swift in Sources */ = {isa = PBXBuildFile; fileRef = 3F79B583D1964E9E35B0B251 /* SelectionTests.swift */; };
		53382B36430F3BBF4DB4C8D0 /* TranslationServiceNavigationTests.swift in Sources */ = {isa = PBXBuildFile; fileRef = 49C77385CB984772CE3B5206 /* TranslationServiceNavigationTests.swift */; };
		560325CCDAD51CC34A36D4E6 /* CodexRuntimeSessionTests.swift in Sources */ = {isa = PBXBuildFile; fileRef = B95B6E1B045B63278EC7DEE2 /* CodexRuntimeSessionTests.swift */; };
		563BCBC66CC8B569BAA4F5CC /* TranslationServiceRoutingTests.swift in Sources */ = {isa = PBXBuildFile; fileRef = 0FEADFCFC0FB0659372DC98A /* TranslationServiceRoutingTests.swift */; };
		56C4372CEEFCE53EE80A4452 /* ShortcutTests.swift in Sources */ = {isa = PBXBuildFile; fileRef = AD3442C2E9D89A994C4DC14A /* ShortcutTests.swift */; };
		5BBF7035C0DF77ADF8EA9D04 /* TranslationWorkspace.swift in Sources */ = {isa = PBXBuildFile; fileRef = 39E67389263EB3027B4F59E2 /* TranslationWorkspace.swift */; };
		5BDAAD52B574D808F47C2ECA /* GoogleCloudTranslationProvider.swift in Sources */ = {isa = PBXBuildFile; fileRef = 18816A39AC76C57FDAF2F209 /* GoogleCloudTranslationProvider.swift */; };
		5D0F7E117D92F00B9DCE56A4 /* GoogleTranslationLanguages.swift in Sources */ = {isa = PBXBuildFile; fileRef = AE46B4FF80C76932CCD98196 /* GoogleTranslationLanguages.swift */; };
		6038ABBE17118C09B0315F34 /* TranslationFailure.swift in Sources */ = {isa = PBXBuildFile; fileRef = 032D23FEC685F4BE3719AE3A /* TranslationFailure.swift */; };
		63351154290A7BC283F04996 /* TranslationAccountUsage.swift in Sources */ = {isa = PBXBuildFile; fileRef = 7F8B826F26B49975542C6183 /* TranslationAccountUsage.swift */; };
		649DDFB833A58153C6869B32 /* LumaxTranslateApp.swift in Sources */ = {isa = PBXBuildFile; fileRef = 0FCEBDF48CDEC2E409D380DA /* LumaxTranslateApp.swift */; };
		67A7FFD47C790F58A10D62B9 /* LumaxScrollStyle.swift in Sources */ = {isa = PBXBuildFile; fileRef = 48F607C84BB9FBFC283BCEF9 /* LumaxScrollStyle.swift */; };
		67EBF107748D20A4ACE82067 /* DedicatedTranslationProviderTests.swift in Sources */ = {isa = PBXBuildFile; fileRef = A871014CF0EE88683EBF3BFD /* DedicatedTranslationProviderTests.swift */; };
		68742C6BC517E63DCB44F73C /* LanguageMenuTests.swift in Sources */ = {isa = PBXBuildFile; fileRef = 4CF30B45B8C6A7BE4C8AE0D2 /* LanguageMenuTests.swift */; };
		690E827705E78F348EEBCDCA /* ClaudeTranslationProvider.swift in Sources */ = {isa = PBXBuildFile; fileRef = 6B72FFB1E218D4F4A8AC630C /* ClaudeTranslationProvider.swift */; };
		69CA3BB59976B3817522ACF7 /* ShortcutRecorderTests.swift in Sources */ = {isa = PBXBuildFile; fileRef = ABBAC26766C2D4343605D30A /* ShortcutRecorderTests.swift */; };
		7253CAB816CAB3AE01B09A9C /* QuickHandoffWindowTests.swift in Sources */ = {isa = PBXBuildFile; fileRef = F6BFC6E03E562BB07AF43C36 /* QuickHandoffWindowTests.swift */; };
		7554AC152F52ADC42AE609B0 /* DedicatedTranslationLanguages.swift in Sources */ = {isa = PBXBuildFile; fileRef = BDCF255FFBB6525B7DB49835 /* DedicatedTranslationLanguages.swift */; };
		761B2424FF4AE0EB3EEC574A /* ScreenshotDocument.swift in Sources */ = {isa = PBXBuildFile; fileRef = 660D0A584FC45E338AB22361 /* ScreenshotDocument.swift */; };
		77090588D5FB602213A6C2BD /* AboutView.swift in Sources */ = {isa = PBXBuildFile; fileRef = 914A9455DC25D80728268F17 /* AboutView.swift */; };
		7B2EDFC7699BE0083B8C89FE /* WindowCoordinator.swift in Sources */ = {isa = PBXBuildFile; fileRef = 5D987FB52C583A8947850073 /* WindowCoordinator.swift */; };
		7BF76E76C5FA72FA4B1ED230 /* TranslationServiceSecretInputTests.swift in Sources */ = {isa = PBXBuildFile; fileRef = A52783EE4E551812DF0233F1 /* TranslationServiceSecretInputTests.swift */; };
		7F1E749E63E34DE741691394 /* TranslationCommandBar.swift in Sources */ = {isa = PBXBuildFile; fileRef = CB0D9923B997C6A605450659 /* TranslationCommandBar.swift */; };
		80FE89FC681E12737D39D9FE /* LanguageSwitchingWindowTests.swift in Sources */ = {isa = PBXBuildFile; fileRef = 67F4B33C7CF5A1A1DD65562B /* LanguageSwitchingWindowTests.swift */; };
		84D8C8A0C4D809DD1A0122E9 /* TranslationServiceConfiguration.swift in Sources */ = {isa = PBXBuildFile; fileRef = DF10901335F7E12D74DD6C6F /* TranslationServiceConfiguration.swift */; };
		8568CC4CC2973A9F31FED321 /* ShortcutSettingsTests.swift in Sources */ = {isa = PBXBuildFile; fileRef = 0FAF22D72230EEECFDA16E85 /* ShortcutSettingsTests.swift */; };
		8C09BA71C5DB19B663974A0A /* ScreenshotFailureTests.swift in Sources */ = {isa = PBXBuildFile; fileRef = B42B528A37CF56EF73FEA2D3 /* ScreenshotFailureTests.swift */; };
		8E24DBE30BFAE1EF971AE820 /* TranslationServicePickers.swift in Sources */ = {isa = PBXBuildFile; fileRef = 6C5A9F5DEF7BB0372FE25F5C /* TranslationServicePickers.swift */; };
		8F088808DE52A30F7B5A8910 /* AppUpdateControllerTests.swift in Sources */ = {isa = PBXBuildFile; fileRef = AFFD38B90357F8D22F16B7D9 /* AppUpdateControllerTests.swift */; };
		908C32EA28BD70EFEE454190 /* Assets.xcassets in Resources */ = {isa = PBXBuildFile; fileRef = 891A9E2FFC4340F1933C2F5F /* Assets.xcassets */; };
		91B0CF21C330770B752D5A4E /* TranslationServiceModelCatalogTests.swift in Sources */ = {isa = PBXBuildFile; fileRef = FBCDA57C1729673265ACEB45 /* TranslationServiceModelCatalogTests.swift */; };
		91C2CDFCE0A0E6E622BFAF6C /* TranslationProviderFactory.swift in Sources */ = {isa = PBXBuildFile; fileRef = 373EAC23D437E787A0F4510B /* TranslationProviderFactory.swift */; };
		91CF9FBDA1435E97509BC2A0 /* OCRService.swift in Sources */ = {isa = PBXBuildFile; fileRef = 49EBF0156F2D4E88C055700B /* OCRService.swift */; };
		91F32A24E18D8A14CC887DB1 /* LumaxTheme.swift in Sources */ = {isa = PBXBuildFile; fileRef = 1943C93AAB084BEF9604C4D4 /* LumaxTheme.swift */; };
		926349DB4EB7B9358E3F0130 /* LocalizedEditorFeedbackTests.swift in Sources */ = {isa = PBXBuildFile; fileRef = 7078DA4B5D7ADF2AFD45B64A /* LocalizedEditorFeedbackTests.swift */; };
		93879EE8732599B9BC5B881F /* LanguageDetectionTests.swift in Sources */ = {isa = PBXBuildFile; fileRef = C57F29102E30B39A0935579A /* LanguageDetectionTests.swift */; };
		941A93E43ADCAA2EB3349EFB /* AppUpdateController.swift in Sources */ = {isa = PBXBuildFile; fileRef = 533B2D400C5CC6A190C75631 /* AppUpdateController.swift */; };
		94575FA7F4DA0BFECAAC96ED /* LumaxInteraction.swift in Sources */ = {isa = PBXBuildFile; fileRef = C0D62C43B361A8F57638898A /* LumaxInteraction.swift */; };
		96535045BB6A97179C391F5A /* SelectionFailureTests.swift in Sources */ = {isa = PBXBuildFile; fileRef = EC814FAEC23A70FC2B928A2D /* SelectionFailureTests.swift */; };
		9957E652BD1E763E5E742A8F /* TranslationServiceUsageView.swift in Sources */ = {isa = PBXBuildFile; fileRef = 269BB93AB23C59C626D0781B /* TranslationServiceUsageView.swift */; };
		99F2C1B6CE957DF312B6AD0B /* PanelPlacement.swift in Sources */ = {isa = PBXBuildFile; fileRef = B7F53027F0959FB52DD9B453 /* PanelPlacement.swift */; };
		9A0E31BE4011FEAE494B1346 /* TranslationServiceNavigationCoordinator.swift in Sources */ = {isa = PBXBuildFile; fileRef = F66739A743C4F7DBD6B907CD /* TranslationServiceNavigationCoordinator.swift */; };
		9A9ED9D79F4557D47546785B /* TranslationUsageTests.swift in Sources */ = {isa = PBXBuildFile; fileRef = 16B0B19DA119AB95B53B41FB /* TranslationUsageTests.swift */; };
		9B8CD8F577517EE54E905F2D /* ShortcutRecorder.swift in Sources */ = {isa = PBXBuildFile; fileRef = 2FEB36FB909E271D5E1E9954 /* ShortcutRecorder.swift */; };
		9BBB15FFB28DAE07B5CF8DC2 /* RemoteTranslationResponseParser.swift in Sources */ = {isa = PBXBuildFile; fileRef = 03B20A003093BFB6B0029AC4 /* RemoteTranslationResponseParser.swift */; };
		9BFBC23513D75FBCEAB0330A /* QwenMTTranslationLanguages.swift in Sources */ = {isa = PBXBuildFile; fileRef = 14EFD8F8B4580CB1B1D046D6 /* QwenMTTranslationLanguages.swift */; };
		9EBD26007EB5D499435FC63D /* InfoPlist.strings in Resources */ = {isa = PBXBuildFile; fileRef = 80B2D90C64DFD02C46D26B41 /* InfoPlist.strings */; };
		9F07B3536E848FBC6412DF4A /* BuildConfigurationTests.swift in Sources */ = {isa = PBXBuildFile; fileRef = EFF46FC3A6ABB6C8C7A13B16 /* BuildConfigurationTests.swift */; };
		9F62A5671B499A09ED4992D7 /* ScreenCaptureService.swift in Sources */ = {isa = PBXBuildFile; fileRef = 6644544EDE7F872C9B05F9F0 /* ScreenCaptureService.swift */; };
		A0590739EF453B05AEC6E033 /* ScreenshotTranslationController.swift in Sources */ = {isa = PBXBuildFile; fileRef = C2340A9D6AD4FE6F8F195909 /* ScreenshotTranslationController.swift */; };
		A0FE1497490235C1F63DE1F6 /* TranslationServicesSettingsView.swift in Sources */ = {isa = PBXBuildFile; fileRef = AD0D1046BA428D977E5BA140 /* TranslationServicesSettingsView.swift */; };
		A2AD0FCAE48481ACE07E862D /* TranslationServiceEditor.swift in Sources */ = {isa = PBXBuildFile; fileRef = FD3E80179EFFB1FB4BC6AEA0 /* TranslationServiceEditor.swift */; };
		A409175AB9AF515DF7273BDC /* LumaxBrandLockup.swift in Sources */ = {isa = PBXBuildFile; fileRef = D97983D988D102EDF6FE4A99 /* LumaxBrandLockup.swift */; };
		A4250DDB7B4C81D2056421A5 /* RegionSelectionGeometry.swift in Sources */ = {isa = PBXBuildFile; fileRef = 710E3E1CD4BB07ABBD2E777D /* RegionSelectionGeometry.swift */; };
		A4DAEA6FC40206B40F58D1E9 /* GoogleCloudTranslationProviderTests.swift in Sources */ = {isa = PBXBuildFile; fileRef = 03026E261AB5A1EE091E2340 /* GoogleCloudTranslationProviderTests.swift */; };
		A4FB3E8A0C51C897DDF281CC /* TranslationResultView.swift in Sources */ = {isa = PBXBuildFile; fileRef = A089E44DEBF66A6FCE76FEC0 /* TranslationResultView.swift */; };
		A6BE9916DE25995D376E2CE7 /* AppleTranslationHost.swift in Sources */ = {isa = PBXBuildFile; fileRef = F0CFAB2CA48F6EF620317C82 /* AppleTranslationHost.swift */; };
		A6CFECE4E3A815ACC4C50295 /* InterfaceLanguageTests.swift in Sources */ = {isa = PBXBuildFile; fileRef = 77C468B834DE6B8E8610737E /* InterfaceLanguageTests.swift */; };
		A7AAFDE5AF3517E7966448EF /* TencentTranslationLanguages.swift in Sources */ = {isa = PBXBuildFile; fileRef = B1A41C0641F2F6F4AFDD10CE /* TencentTranslationLanguages.swift */; };
		AC8A42BD0F93DF80D74EB460 /* ScreenshotTranslationWorkspace.swift in Sources */ = {isa = PBXBuildFile; fileRef = 698FF2AD811C55A9EE27B4B3 /* ScreenshotTranslationWorkspace.swift */; };
		AFC6202FE0900891DD2A41F0 /* InputTranslationView.swift in Sources */ = {isa = PBXBuildFile; fileRef = 49E02596236D931B08E687C5 /* InputTranslationView.swift */; };
		B3B7FEEDD0A0F5EEAD62FADA /* TranslationUsageStore.swift in Sources */ = {isa = PBXBuildFile; fileRef = 58829047E9DCBADBA6896622 /* TranslationUsageStore.swift */; };
		B4930B2E062060809928F750 /* SelectionService.swift in Sources */ = {isa = PBXBuildFile; fileRef = 3C5EDC256E39DAA4904B6392 /* SelectionService.swift */; };
		B4CA289D4905889407BC1A35 /* PanelPlacementTests.swift in Sources */ = {isa = PBXBuildFile; fileRef = 9FB81D423587DEEE83406324 /* PanelPlacementTests.swift */; };
		B688F5158BC8C540A275DB8A /* SelectionClipboard.swift in Sources */ = {isa = PBXBuildFile; fileRef = 3035962E8C4D37CF0858D85C /* SelectionClipboard.swift */; };
		B7E53F82BC6195CB755721C5 /* TranslationRetryTests.swift in Sources */ = {isa = PBXBuildFile; fileRef = CCA6351AD5853DCED54BFDAF /* TranslationRetryTests.swift */; };
		B8AACD49BCCC2AD9858AA53D /* TranslationModelTests.swift in Sources */ = {isa = PBXBuildFile; fileRef = FF33BC2A4FA39B56969FEC86 /* TranslationModelTests.swift */; };
		B93A897D878BEDA3964B92E2 /* QuickPanelKeyboardTests.swift in Sources */ = {isa = PBXBuildFile; fileRef = 4F5913B296E1BF4992BEFECF /* QuickPanelKeyboardTests.swift */; };
		BAEE01DAF24658C7F5044899 /* WindowLayoutTests.swift in Sources */ = {isa = PBXBuildFile; fileRef = C43AE9BCA6ACA9E68C529841 /* WindowLayoutTests.swift */; };
		BB02D0F09B708D2B62A90E8A /* LocalizationMessageTests.swift in Sources */ = {isa = PBXBuildFile; fileRef = 43B351A1ECB6AE08A859DDF2 /* LocalizationMessageTests.swift */; };
		BB65EF99EA0FF97DD1532387 /* TranslationStatusLight.swift in Sources */ = {isa = PBXBuildFile; fileRef = EC439D1D5C30B951BD6BB8B3 /* TranslationStatusLight.swift */; };
		BBD65CE50D9A55B10AC80B4E /* QuickTranslationView.swift in Sources */ = {isa = PBXBuildFile; fileRef = D9361F8E65E4A794239FDAD4 /* QuickTranslationView.swift */; };
		C0D0E88E096855C3C8FB8710 /* LanguageMenu.swift in Sources */ = {isa = PBXBuildFile; fileRef = 7CBB119FE77BC640BB0933CB /* LanguageMenu.swift */; };
		C3F46A5AD38B8EAFF37D779B /* CodexTranslationProviderTests.swift in Sources */ = {isa = PBXBuildFile; fileRef = 71A5E43989332BC388F092C2 /* CodexTranslationProviderTests.swift */; };
		C4BC2F626340025CBDA70892 /* TranslationServiceStore.swift in Sources */ = {isa = PBXBuildFile; fileRef = 9E459B28F0AD2938C92BE866 /* TranslationServiceStore.swift */; };
		C8439D866105693683F21132 /* LumaxTooltip.swift in Sources */ = {isa = PBXBuildFile; fileRef = D41093ADAC806DEC7DF0F4C7 /* LumaxTooltip.swift */; };
		C87CEDB2142A4ECB9F9F3E83 /* QuickEditorTests.swift in Sources */ = {isa = PBXBuildFile; fileRef = 738885C7FBB0C1F627D1FAC6 /* QuickEditorTests.swift */; };
		C90AC4EB66795A1131295B48 /* TranslationHandoffTests.swift in Sources */ = {isa = PBXBuildFile; fileRef = CACA74BE458FE8D16D6944BF /* TranslationHandoffTests.swift */; };
		CC462E6CEC155680635FDC8E /* TranslationServiceStoreTests.swift in Sources */ = {isa = PBXBuildFile; fileRef = 28E50958B336DA8B9AEEE88B /* TranslationServiceStoreTests.swift */; };
		CE6E92120B162CEFD09310B8 /* OCRReadingOrder.swift in Sources */ = {isa = PBXBuildFile; fileRef = 7B4DF9B395221EE45A9BF994 /* OCRReadingOrder.swift */; };
		D0CAA689B9DCCF585FF53097 /* TranslationTextEditorTests.swift in Sources */ = {isa = PBXBuildFile; fileRef = CAB68E8C1D2F0ACE999704B7 /* TranslationTextEditorTests.swift */; };
		D2142E9A4FBD8083B0A2864C /* TencentTranslationProvider.swift in Sources */ = {isa = PBXBuildFile; fileRef = 142CEE8182DBEB1FCAA72620 /* TencentTranslationProvider.swift */; };
		D408920659CCE9F8142B4AA8 /* QuickWindowTests.swift in Sources */ = {isa = PBXBuildFile; fileRef = 66757E1E2020713A227000C2 /* QuickWindowTests.swift */; };
		D71B90D7823F6B621D05D2B3 /* CodexRuntimeSession.swift in Sources */ = {isa = PBXBuildFile; fileRef = 22254E836A7CC8757E244EEF /* CodexRuntimeSession.swift */; };
		D8F547303E90CFE19F928B8C /* ScreenshotWorkflowTests.swift in Sources */ = {isa = PBXBuildFile; fileRef = 062D5C032AEA2A8E3433A8A8 /* ScreenshotWorkflowTests.swift */; };
		D91E95AB3F50AC64D7D0ADF9 /* TranslationHTTPPolicy.swift in Sources */ = {isa = PBXBuildFile; fileRef = 329C1068B402A6F063414C8F /* TranslationHTTPPolicy.swift */; };
		DD37603B465D421445FC7AEE /* WindowPreferencesTests.swift in Sources */ = {isa = PBXBuildFile; fileRef = 2B4723DD42C17BAB042D2F63 /* WindowPreferencesTests.swift */; };
		DE089574A7A5F4F05D58D928 /* CaptureLayoutTests.swift in Sources */ = {isa = PBXBuildFile; fileRef = BE9BAE4CAFA741ADA9BD26B1 /* CaptureLayoutTests.swift */; };
		E1560BEE70DCAA3D78E3DF55 /* TranslationSplitLayout.swift in Sources */ = {isa = PBXBuildFile; fileRef = 6FB4768A3BED38DCB3028A16 /* TranslationSplitLayout.swift */; };
		E2525D509EEA08B0F3F2DFB0 /* ClaudeTranslationProviderTests.swift in Sources */ = {isa = PBXBuildFile; fileRef = 73B0FDC8AE38A6E9E4D35B4A /* ClaudeTranslationProviderTests.swift */; };
		E6196ECA2C6895885B527AAA /* TranslationUsageStoreTests.swift in Sources */ = {isa = PBXBuildFile; fileRef = 40251EA19D0D8D304928CD37 /* TranslationUsageStoreTests.swift */; };
		E8C2AE80636443123230F07B /* RemoteTranslationProviderTests.swift in Sources */ = {isa = PBXBuildFile; fileRef = 4809658FC1ED784D1E060FDB /* RemoteTranslationProviderTests.swift */; };
		E94E1C222AB3652B80A62AAD /* OCRServiceTests.swift in Sources */ = {isa = PBXBuildFile; fileRef = 9E9EAD32D1480E156ED2859E /* OCRServiceTests.swift */; };
		EA66ABC1A337939560C15D72 /* ScreenshotDocumentTests.swift in Sources */ = {isa = PBXBuildFile; fileRef = 533610A3860F6DB19A2EAC67 /* ScreenshotDocumentTests.swift */; };
		EAFC86828EF55D1988B4F625 /* TranslationServiceEditorView.swift in Sources */ = {isa = PBXBuildFile; fileRef = C226F92C539F9776F6476C3D /* TranslationServiceEditorView.swift */; };
		EB044616010C3AAF72CAD0FD /* GlobalShortcut.swift in Sources */ = {isa = PBXBuildFile; fileRef = 0A045351BE4EF4836D438480 /* GlobalShortcut.swift */; };
		EB2A070F88C891D2B646B3B8 /* SettingsView.swift in Sources */ = {isa = PBXBuildFile; fileRef = 6D5EBC9B4294D448BA2286CF /* SettingsView.swift */; };
		EB6B71545C3A48A9F6FBA5BF /* LumaxScrollStyleTests.swift in Sources */ = {isa = PBXBuildFile; fileRef = E339D78F276BC9997BC25CF3 /* LumaxScrollStyleTests.swift */; };
		EB6DCAEB4A2991D7986F771D /* WindowSurface.swift in Sources */ = {isa = PBXBuildFile; fileRef = E20C1AF8832C53CCCB775528 /* WindowSurface.swift */; };
		F0E82E360AF4C2DCF8B21E50 /* CodexSavedServiceCheckTests.swift in Sources */ = {isa = PBXBuildFile; fileRef = 41C316C6FA7C602D1AF9BB3F /* CodexSavedServiceCheckTests.swift */; };
		F229DC0BCB3E8C9DCB9FDA47 /* AXSelectionReader.swift in Sources */ = {isa = PBXBuildFile; fileRef = D26DB9B71E4DB7992C71780F /* AXSelectionReader.swift */; };
		F3BBC7F40BD9CF081D0B8030 /* TranslationServiceChecksController.swift in Sources */ = {isa = PBXBuildFile; fileRef = 3C781F869C5165F1A25762EA /* TranslationServiceChecksController.swift */; };
		F580B807046090C417A9844C /* QwenMTTranslationProvider.swift in Sources */ = {isa = PBXBuildFile; fileRef = BCAA2FD5AC0C13722CAA66A1 /* QwenMTTranslationProvider.swift */; };
		F68A8A385ACB53B29C0E26A9 /* MenuBarController.swift in Sources */ = {isa = PBXBuildFile; fileRef = 77FE0757ED933DD29E9FB6C3 /* MenuBarController.swift */; };
		F9668D78FC8F2DF67FED90C3 /* TranslationServiceConfigurationTests.swift in Sources */ = {isa = PBXBuildFile; fileRef = AA9F6FB5082C3E605A4031D6 /* TranslationServiceConfigurationTests.swift */; };
		F9CEEE43D3526B9321AD05D5 /* CodexAccountSettingsView.swift in Sources */ = {isa = PBXBuildFile; fileRef = 29833D635DEEBEA9A175EE93 /* CodexAccountSettingsView.swift */; };
		FA706C342009FBF89366A6BE /* TranslationServiceComponents.swift in Sources */ = {isa = PBXBuildFile; fileRef = 76626A705316EFA4595B56C2 /* TranslationServiceComponents.swift */; };
		FDE1A3FF4D07734C86766B8E /* AppPreferencesTests.swift in Sources */ = {isa = PBXBuildFile; fileRef = 6725C4F03B040AB54111D6FE /* AppPreferencesTests.swift */; };
		FF266086DCD8F67F63A21068 /* TranslationFailureTests.swift in Sources */ = {isa = PBXBuildFile; fileRef = 6FF66CC45A3417D525BBAE9A /* TranslationFailureTests.swift */; };
		FF8CCDF10D41DDB5304B218C /* CodexAccountController.swift in Sources */ = {isa = PBXBuildFile; fileRef = C057B396799158FFB5024625 /* CodexAccountController.swift */; };
/* End PBXBuildFile section */

/* Begin PBXContainerItemProxy section */
		C10E93C5A7A440CDBB644A3D /* PBXContainerItemProxy */ = {
			isa = PBXContainerItemProxy;
			containerPortal = 1AA66A8FBB360E521628584B /* Project object */;
			proxyType = 1;
			remoteGlobalIDString = EC7DB900033CFFA1B312EF87;
			remoteInfo = LumaxTranslate;
		};
/* End PBXContainerItemProxy section */

/* Begin PBXFileReference section */
		03026E261AB5A1EE091E2340 /* GoogleCloudTranslationProviderTests.swift */ = {isa = PBXFileReference; lastKnownFileType = sourcecode.swift; path = GoogleCloudTranslationProviderTests.swift; sourceTree = "<group>"; };
		032D23FEC685F4BE3719AE3A /* TranslationFailure.swift */ = {isa = PBXFileReference; lastKnownFileType = sourcecode.swift; path = TranslationFailure.swift; sourceTree = "<group>"; };
		038BF1059B28447DBA4D6539 /* AppDelegate.swift */ = {isa = PBXFileReference; lastKnownFileType = sourcecode.swift; path = AppDelegate.swift; sourceTree = "<group>"; };
		03B20A003093BFB6B0029AC4 /* RemoteTranslationResponseParser.swift */ = {isa = PBXFileReference; lastKnownFileType = sourcecode.swift; path = RemoteTranslationResponseParser.swift; sourceTree = "<group>"; };
		062D5C032AEA2A8E3433A8A8 /* ScreenshotWorkflowTests.swift */ = {isa = PBXFileReference; lastKnownFileType = sourcecode.swift; path = ScreenshotWorkflowTests.swift; sourceTree = "<group>"; };
		0A045351BE4EF4836D438480 /* GlobalShortcut.swift */ = {isa = PBXFileReference; lastKnownFileType = sourcecode.swift; path = GlobalShortcut.swift; sourceTree = "<group>"; };
		0FAF22D72230EEECFDA16E85 /* ShortcutSettingsTests.swift */ = {isa = PBXFileReference; lastKnownFileType = sourcecode.swift; path = ShortcutSettingsTests.swift; sourceTree = "<group>"; };
		0FCEBDF48CDEC2E409D380DA /* LumaxTranslateApp.swift */ = {isa = PBXFileReference; lastKnownFileType = sourcecode.swift; path = LumaxTranslateApp.swift; sourceTree = "<group>"; };
		0FEADFCFC0FB0659372DC98A /* TranslationServiceRoutingTests.swift */ = {isa = PBXFileReference; lastKnownFileType = sourcecode.swift; path = TranslationServiceRoutingTests.swift; sourceTree = "<group>"; };
		12EDD5EAE0E632EC1C80F6DF /* LegacyPreferencesMigration.swift */ = {isa = PBXFileReference; lastKnownFileType = sourcecode.swift; path = LegacyPreferencesMigration.swift; sourceTree = "<group>"; };
		142CEE8182DBEB1FCAA72620 /* TencentTranslationProvider.swift */ = {isa = PBXFileReference; lastKnownFileType = sourcecode.swift; path = TencentTranslationProvider.swift; sourceTree = "<group>"; };
		14EFD8F8B4580CB1B1D046D6 /* QwenMTTranslationLanguages.swift */ = {isa = PBXFileReference; lastKnownFileType = sourcecode.swift; path = QwenMTTranslationLanguages.swift; sourceTree = "<group>"; };
		15FB22DAED71CB3FC40362CA /* ShortcutSettings.swift */ = {isa = PBXFileReference; lastKnownFileType = sourcecode.swift; path = ShortcutSettings.swift; sourceTree = "<group>"; };
		164FB3C3CFEE96EA1537A75B /* AppleTranslationHostTests.swift */ = {isa = PBXFileReference; lastKnownFileType = sourcecode.swift; path = AppleTranslationHostTests.swift; sourceTree = "<group>"; };
		16B0B19DA119AB95B53B41FB /* TranslationUsageTests.swift */ = {isa = PBXFileReference; lastKnownFileType = sourcecode.swift; path = TranslationUsageTests.swift; sourceTree = "<group>"; };
		16DD65E172036930E3A85C9E /* LanguageCatalog.swift */ = {isa = PBXFileReference; lastKnownFileType = sourcecode.swift; path = LanguageCatalog.swift; sourceTree = "<group>"; };
		182ABE138C6DD5B44A976D65 /* TranslationProvider.swift */ = {isa = PBXFileReference; lastKnownFileType = sourcecode.swift; path = TranslationProvider.swift; sourceTree = "<group>"; };
		18816A39AC76C57FDAF2F209 /* GoogleCloudTranslationProvider.swift */ = {isa = PBXFileReference; lastKnownFileType = sourcecode.swift; path = GoogleCloudTranslationProvider.swift; sourceTree = "<group>"; };
		188B0694F8449377C0AA2D8E /* TSX.app */ = {isa = PBXFileReference; explicitFileType = wrapper.application; includeInIndex = 0; path = TSX.app; sourceTree = BUILT_PRODUCTS_DIR; };
		1943C93AAB084BEF9604C4D4 /* LumaxTheme.swift */ = {isa = PBXFileReference; lastKnownFileType = sourcecode.swift; path = LumaxTheme.swift; sourceTree = "<group>"; };
		19CC946CCB1F5EDF2F5BF94F /* ScreenCaptureTests.swift */ = {isa = PBXFileReference; lastKnownFileType = sourcecode.swift; path = ScreenCaptureTests.swift; sourceTree = "<group>"; };
		2117FFCE4A7B3ADAD90EEFD7 /* LanguageCatalogTests.swift */ = {isa = PBXFileReference; lastKnownFileType = sourcecode.swift; path = LanguageCatalogTests.swift; sourceTree = "<group>"; };
		22254E836A7CC8757E244EEF /* CodexRuntimeSession.swift */ = {isa = PBXFileReference; lastKnownFileType = sourcecode.swift; path = CodexRuntimeSession.swift; sourceTree = "<group>"; };
		269BB93AB23C59C626D0781B /* TranslationServiceUsageView.swift */ = {isa = PBXFileReference; lastKnownFileType = sourcecode.swift; path = TranslationServiceUsageView.swift; sourceTree = "<group>"; };
		28E50958B336DA8B9AEEE88B /* TranslationServiceStoreTests.swift */ = {isa = PBXFileReference; lastKnownFileType = sourcecode.swift; path = TranslationServiceStoreTests.swift; sourceTree = "<group>"; };
		29833D635DEEBEA9A175EE93 /* CodexAccountSettingsView.swift */ = {isa = PBXFileReference; lastKnownFileType = sourcecode.swift; path = CodexAccountSettingsView.swift; sourceTree = "<group>"; };
		2B4723DD42C17BAB042D2F63 /* WindowPreferencesTests.swift */ = {isa = PBXFileReference; lastKnownFileType = sourcecode.swift; path = WindowPreferencesTests.swift; sourceTree = "<group>"; };
		2FEB36FB909E271D5E1E9954 /* ShortcutRecorder.swift */ = {isa = PBXFileReference; lastKnownFileType = sourcecode.swift; path = ShortcutRecorder.swift; sourceTree = "<group>"; };
		3035962E8C4D37CF0858D85C /* SelectionClipboard.swift */ = {isa = PBXFileReference; lastKnownFileType = sourcecode.swift; path = SelectionClipboard.swift; sourceTree = "<group>"; };
		329C0869448ACCA8983383CA /* CaptureGeometry.swift */ = {isa = PBXFileReference; lastKnownFileType = sourcecode.swift; path = CaptureGeometry.swift; sourceTree = "<group>"; };
		329C1068B402A6F063414C8F /* TranslationHTTPPolicy.swift */ = {isa = PBXFileReference; lastKnownFileType = sourcecode.swift; path = TranslationHTTPPolicy.swift; sourceTree = "<group>"; };
		373EAC23D437E787A0F4510B /* TranslationProviderFactory.swift */ = {isa = PBXFileReference; lastKnownFileType = sourcecode.swift; path = TranslationProviderFactory.swift; sourceTree = "<group>"; };
		39E67389263EB3027B4F59E2 /* TranslationWorkspace.swift */ = {isa = PBXFileReference; lastKnownFileType = sourcecode.swift; path = TranslationWorkspace.swift; sourceTree = "<group>"; };
		3A3C2932D4418E3FBA016384 /* TranslationAccountUsageTests.swift */ = {isa = PBXFileReference; lastKnownFileType = sourcecode.swift; path = TranslationAccountUsageTests.swift; sourceTree = "<group>"; };
		3C5EDC256E39DAA4904B6392 /* SelectionService.swift */ = {isa = PBXFileReference; lastKnownFileType = sourcecode.swift; path = SelectionService.swift; sourceTree = "<group>"; };
		3C781F869C5165F1A25762EA /* TranslationServiceChecksController.swift */ = {isa = PBXFileReference; lastKnownFileType = sourcecode.swift; path = TranslationServiceChecksController.swift; sourceTree = "<group>"; };
		3F79B583D1964E9E35B0B251 /* SelectionTests.swift */ = {isa = PBXFileReference; lastKnownFileType = sourcecode.swift; path = SelectionTests.swift; sourceTree = "<group>"; };
		3FEE4DFD4A08160873105F75 /* L10n.swift */ = {isa = PBXFileReference; lastKnownFileType = sourcecode.swift; path = L10n.swift; sourceTree = "<group>"; };
		40251EA19D0D8D304928CD37 /* TranslationUsageStoreTests.swift */ = {isa = PBXFileReference; lastKnownFileType = sourcecode.swift; path = TranslationUsageStoreTests.swift; sourceTree = "<group>"; };
		41C316C6FA7C602D1AF9BB3F /* CodexSavedServiceCheckTests.swift */ = {isa = PBXFileReference; lastKnownFileType = sourcecode.swift; path = CodexSavedServiceCheckTests.swift; sourceTree = "<group>"; };
		43B351A1ECB6AE08A859DDF2 /* LocalizationMessageTests.swift */ = {isa = PBXFileReference; lastKnownFileType = sourcecode.swift; path = LocalizationMessageTests.swift; sourceTree = "<group>"; };
		454636B40C63368D859E5179 /* AppPreferences.swift */ = {isa = PBXFileReference; lastKnownFileType = sourcecode.swift; path = AppPreferences.swift; sourceTree = "<group>"; };
		45FA2A99845EE64E1AFE24A6 /* zh-Hans */ = {isa = PBXFileReference; lastKnownFileType = text.plist.strings; name = "zh-Hans"; path = "zh-Hans.lproj/Localizable.strings"; sourceTree = "<group>"; };
		4809658FC1ED784D1E060FDB /* RemoteTranslationProviderTests.swift */ = {isa = PBXFileReference; lastKnownFileType = sourcecode.swift; path = RemoteTranslationProviderTests.swift; sourceTree = "<group>"; };
		48F607C84BB9FBFC283BCEF9 /* LumaxScrollStyle.swift */ = {isa = PBXFileReference; lastKnownFileType = sourcecode.swift; path = LumaxScrollStyle.swift; sourceTree = "<group>"; };
		49C77385CB984772CE3B5206 /* TranslationServiceNavigationTests.swift */ = {isa = PBXFileReference; lastKnownFileType = sourcecode.swift; path = TranslationServiceNavigationTests.swift; sourceTree = "<group>"; };
		49E02596236D931B08E687C5 /* InputTranslationView.swift */ = {isa = PBXFileReference; lastKnownFileType = sourcecode.swift; path = InputTranslationView.swift; sourceTree = "<group>"; };
		49EBF0156F2D4E88C055700B /* OCRService.swift */ = {isa = PBXFileReference; lastKnownFileType = sourcecode.swift; path = OCRService.swift; sourceTree = "<group>"; };
		4ACF48D08DDD845E51863BF0 /* DedicatedTranslationProvider.swift */ = {isa = PBXFileReference; lastKnownFileType = sourcecode.swift; path = DedicatedTranslationProvider.swift; sourceTree = "<group>"; };
		4CF30B45B8C6A7BE4C8AE0D2 /* LanguageMenuTests.swift */ = {isa = PBXFileReference; lastKnownFileType = sourcecode.swift; path = LanguageMenuTests.swift; sourceTree = "<group>"; };
		4D3D11607422F48F76CE5464 /* RemoteTranslationProvider.swift */ = {isa = PBXFileReference; lastKnownFileType = sourcecode.swift; path = RemoteTranslationProvider.swift; sourceTree = "<group>"; };
		4F5913B296E1BF4992BEFECF /* QuickPanelKeyboardTests.swift */ = {isa = PBXFileReference; lastKnownFileType = sourcecode.swift; path = QuickPanelKeyboardTests.swift; sourceTree = "<group>"; };
		533610A3860F6DB19A2EAC67 /* ScreenshotDocumentTests.swift */ = {isa = PBXFileReference; lastKnownFileType = sourcecode.swift; path = ScreenshotDocumentTests.swift; sourceTree = "<group>"; };
		533B2D400C5CC6A190C75631 /* AppUpdateController.swift */ = {isa = PBXFileReference; lastKnownFileType = sourcecode.swift; path = AppUpdateController.swift; sourceTree = "<group>"; };
		58829047E9DCBADBA6896622 /* TranslationUsageStore.swift */ = {isa = PBXFileReference; lastKnownFileType = sourcecode.swift; path = TranslationUsageStore.swift; sourceTree = "<group>"; };
		5947C519F56B592FBFC0B8D4 /* RegionSelectionController.swift */ = {isa = PBXFileReference; lastKnownFileType = sourcecode.swift; path = RegionSelectionController.swift; sourceTree = "<group>"; };
		594B3320E5DF270F973F4C29 /* MaterialPreferencesTests.swift */ = {isa = PBXFileReference; lastKnownFileType = sourcecode.swift; path = MaterialPreferencesTests.swift; sourceTree = "<group>"; };
		5A1978B17CF1DB3D6885A58D /* SelectionTypes.swift */ = {isa = PBXFileReference; lastKnownFileType = sourcecode.swift; path = SelectionTypes.swift; sourceTree = "<group>"; };
		5CAD1BFA3ACD19F1A6D3B588 /* BidirectionalTranslationTests.swift */ = {isa = PBXFileReference; lastKnownFileType = sourcecode.swift; path = BidirectionalTranslationTests.swift; sourceTree = "<group>"; };
		5D987FB52C583A8947850073 /* WindowCoordinator.swift */ = {isa = PBXFileReference; lastKnownFileType = sourcecode.swift; path = WindowCoordinator.swift; sourceTree = "<group>"; };
		5DBE0BEF8FED09C8659747B5 /* LumaxTranslateTests.xctest */ = {isa = PBXFileReference; explicitFileType = wrapper.cfbundle; includeInIndex = 0; path = LumaxTranslateTests.xctest; sourceTree = BUILT_PRODUCTS_DIR; };
		609B99FD6AC732CAD3B4859E /* en */ = {isa = PBXFileReference; lastKnownFileType = text.plist.strings; name = en; path = en.lproj/Localizable.strings; sourceTree = "<group>"; };
		60D614FC84027B8291259F71 /* CodexTranslationProvider.swift */ = {isa = PBXFileReference; lastKnownFileType = sourcecode.swift; path = CodexTranslationProvider.swift; sourceTree = "<group>"; };
		65E3D4899CAB64AF2A657C0E /* RemoteTranslationError.swift */ = {isa = PBXFileReference; lastKnownFileType = sourcecode.swift; path = RemoteTranslationError.swift; sourceTree = "<group>"; };
		660D0A584FC45E338AB22361 /* ScreenshotDocument.swift */ = {isa = PBXFileReference; lastKnownFileType = sourcecode.swift; path = ScreenshotDocument.swift; sourceTree = "<group>"; };
		6644544EDE7F872C9B05F9F0 /* ScreenCaptureService.swift */ = {isa = PBXFileReference; lastKnownFileType = sourcecode.swift; path = ScreenCaptureService.swift; sourceTree = "<group>"; };
		66757E1E2020713A227000C2 /* QuickWindowTests.swift */ = {isa = PBXFileReference; lastKnownFileType = sourcecode.swift; path = QuickWindowTests.swift; sourceTree = "<group>"; };
		6725C4F03B040AB54111D6FE /* AppPreferencesTests.swift */ = {isa = PBXFileReference; lastKnownFileType = sourcecode.swift; path = AppPreferencesTests.swift; sourceTree = "<group>"; };
		67F4B33C7CF5A1A1DD65562B /* LanguageSwitchingWindowTests.swift */ = {isa = PBXFileReference; lastKnownFileType = sourcecode.swift; path = LanguageSwitchingWindowTests.swift; sourceTree = "<group>"; };
		698FF2AD811C55A9EE27B4B3 /* ScreenshotTranslationWorkspace.swift */ = {isa = PBXFileReference; lastKnownFileType = sourcecode.swift; path = ScreenshotTranslationWorkspace.swift; sourceTree = "<group>"; };
		6B72FFB1E218D4F4A8AC630C /* ClaudeTranslationProvider.swift */ = {isa = PBXFileReference; lastKnownFileType = sourcecode.swift; path = ClaudeTranslationProvider.swift; sourceTree = "<group>"; };
		6C5A9F5DEF7BB0372FE25F5C /* TranslationServicePickers.swift */ = {isa = PBXFileReference; lastKnownFileType = sourcecode.swift; path = TranslationServicePickers.swift; sourceTree = "<group>"; };
		6D5EBC9B4294D448BA2286CF /* SettingsView.swift */ = {isa = PBXFileReference; lastKnownFileType = sourcecode.swift; path = SettingsView.swift; sourceTree = "<group>"; };
		6FB4768A3BED38DCB3028A16 /* TranslationSplitLayout.swift */ = {isa = PBXFileReference; lastKnownFileType = sourcecode.swift; path = TranslationSplitLayout.swift; sourceTree = "<group>"; };
		6FF66CC45A3417D525BBAE9A /* TranslationFailureTests.swift */ = {isa = PBXFileReference; lastKnownFileType = sourcecode.swift; path = TranslationFailureTests.swift; sourceTree = "<group>"; };
		7078DA4B5D7ADF2AFD45B64A /* LocalizedEditorFeedbackTests.swift */ = {isa = PBXFileReference; lastKnownFileType = sourcecode.swift; path = LocalizedEditorFeedbackTests.swift; sourceTree = "<group>"; };
		710E3E1CD4BB07ABBD2E777D /* RegionSelectionGeometry.swift */ = {isa = PBXFileReference; lastKnownFileType = sourcecode.swift; path = RegionSelectionGeometry.swift; sourceTree = "<group>"; };
		71A5E43989332BC388F092C2 /* CodexTranslationProviderTests.swift */ = {isa = PBXFileReference; lastKnownFileType = sourcecode.swift; path = CodexTranslationProviderTests.swift; sourceTree = "<group>"; };
		71DB31EAA501A0D191D102B5 /* LegacyPreferencesMigrationTests.swift */ = {isa = PBXFileReference; lastKnownFileType = sourcecode.swift; path = LegacyPreferencesMigrationTests.swift; sourceTree = "<group>"; };
		738885C7FBB0C1F627D1FAC6 /* QuickEditorTests.swift */ = {isa = PBXFileReference; lastKnownFileType = sourcecode.swift; path = QuickEditorTests.swift; sourceTree = "<group>"; };
		73B0FDC8AE38A6E9E4D35B4A /* ClaudeTranslationProviderTests.swift */ = {isa = PBXFileReference; lastKnownFileType = sourcecode.swift; path = ClaudeTranslationProviderTests.swift; sourceTree = "<group>"; };
		73B392FFB63F0AE8BCFCE42A /* PermissionStatus.swift */ = {isa = PBXFileReference; lastKnownFileType = sourcecode.swift; path = PermissionStatus.swift; sourceTree = "<group>"; };
		7652A57E1C1A4B12AA939B87 /* TranslationAccountUsageLoader.swift */ = {isa = PBXFileReference; lastKnownFileType = sourcecode.swift; path = TranslationAccountUsageLoader.swift; sourceTree = "<group>"; };
		76626A705316EFA4595B56C2 /* TranslationServiceComponents.swift */ = {isa = PBXFileReference; lastKnownFileType = sourcecode.swift; path = TranslationServiceComponents.swift; sourceTree = "<group>"; };
		77C468B834DE6B8E8610737E /* InterfaceLanguageTests.swift */ = {isa = PBXFileReference; lastKnownFileType = sourcecode.swift; path = InterfaceLanguageTests.swift; sourceTree = "<group>"; };
		77FE0757ED933DD29E9FB6C3 /* MenuBarController.swift */ = {isa = PBXFileReference; lastKnownFileType = sourcecode.swift; path = MenuBarController.swift; sourceTree = "<group>"; };
		7B4DF9B395221EE45A9BF994 /* OCRReadingOrder.swift */ = {isa = PBXFileReference; lastKnownFileType = sourcecode.swift; path = OCRReadingOrder.swift; sourceTree = "<group>"; };
		7CBB119FE77BC640BB0933CB /* LanguageMenu.swift */ = {isa = PBXFileReference; lastKnownFileType = sourcecode.swift; path = LanguageMenu.swift; sourceTree = "<group>"; };
		7F8B826F26B49975542C6183 /* TranslationAccountUsage.swift */ = {isa = PBXFileReference; lastKnownFileType = sourcecode.swift; path = TranslationAccountUsage.swift; sourceTree = "<group>"; };
		834B51DE03375F4F73FBB21C /* ProviderLogoNotices.txt */ = {isa = PBXFileReference; lastKnownFileType = text; path = ProviderLogoNotices.txt; sourceTree = "<group>"; };
		835745D5E8967A86154BCEBE /* ClaudeTranslationResponseParser.swift */ = {isa = PBXFileReference; lastKnownFileType = sourcecode.swift; path = ClaudeTranslationResponseParser.swift; sourceTree = "<group>"; };
		85246E5D5E3A619371308838 /* MenuBarControllerTests.swift */ = {isa = PBXFileReference; lastKnownFileType = sourcecode.swift; path = MenuBarControllerTests.swift; sourceTree = "<group>"; };
		891A9E2FFC4340F1933C2F5F /* Assets.xcassets */ = {isa = PBXFileReference; lastKnownFileType = folder.assetcatalog; path = Assets.xcassets; sourceTree = "<group>"; };
		8ACB5EFFB445778CE5C6636F /* IsolatedWindowTestSupport.swift */ = {isa = PBXFileReference; lastKnownFileType = sourcecode.swift; path = IsolatedWindowTestSupport.swift; sourceTree = "<group>"; };
		8C107EF8AD0AFAEF2AC3FF5E /* TranslationServiceChecksControllerTests.swift */ = {isa = PBXFileReference; lastKnownFileType = sourcecode.swift; path = TranslationServiceChecksControllerTests.swift; sourceTree = "<group>"; };
		90B9CB6196295B0C1FE2A051 /* CodexAccountControllerTests.swift */ = {isa = PBXFileReference; lastKnownFileType = sourcecode.swift; path = CodexAccountControllerTests.swift; sourceTree = "<group>"; };
		914A9455DC25D80728268F17 /* AboutView.swift */ = {isa = PBXFileReference; lastKnownFileType = sourcecode.swift; path = AboutView.swift; sourceTree = "<group>"; };
		95B2D7C77A1ABED83079AEB3 /* SystemPermission.swift */ = {isa = PBXFileReference; lastKnownFileType = sourcecode.swift; path = SystemPermission.swift; sourceTree = "<group>"; };
		9A54F8D8727658C3C365671D /* TranslationServiceLayoutProbe.swift */ = {isa = PBXFileReference; lastKnownFileType = sourcecode.swift; path = TranslationServiceLayoutProbe.swift; sourceTree = "<group>"; };
		9E459B28F0AD2938C92BE866 /* TranslationServiceStore.swift */ = {isa = PBXFileReference; lastKnownFileType = sourcecode.swift; path = TranslationServiceStore.swift; sourceTree = "<group>"; };
		9E72752F2DC150DBFB30D453 /* TranslationToolbarTests.swift */ = {isa = PBXFileReference; lastKnownFileType = sourcecode.swift; path = TranslationToolbarTests.swift; sourceTree = "<group>"; };
		9E9EAD32D1480E156ED2859E /* OCRServiceTests.swift */ = {isa = PBXFileReference; lastKnownFileType = sourcecode.swift; path = OCRServiceTests.swift; sourceTree = "<group>"; };
		9FB81D423587DEEE83406324 /* PanelPlacementTests.swift */ = {isa = PBXFileReference; lastKnownFileType = sourcecode.swift; path = PanelPlacementTests.swift; sourceTree = "<group>"; };
		A089E44DEBF66A6FCE76FEC0 /* TranslationResultView.swift */ = {isa = PBXFileReference; lastKnownFileType = sourcecode.swift; path = TranslationResultView.swift; sourceTree = "<group>"; };
		A52783EE4E551812DF0233F1 /* TranslationServiceSecretInputTests.swift */ = {isa = PBXFileReference; lastKnownFileType = sourcecode.swift; path = TranslationServiceSecretInputTests.swift; sourceTree = "<group>"; };
		A871014CF0EE88683EBF3BFD /* DedicatedTranslationProviderTests.swift */ = {isa = PBXFileReference; lastKnownFileType = sourcecode.swift; path = DedicatedTranslationProviderTests.swift; sourceTree = "<group>"; };
		AA9F6FB5082C3E605A4031D6 /* TranslationServiceConfigurationTests.swift */ = {isa = PBXFileReference; lastKnownFileType = sourcecode.swift; path = TranslationServiceConfigurationTests.swift; sourceTree = "<group>"; };
		ABBAC26766C2D4343605D30A /* ShortcutRecorderTests.swift */ = {isa = PBXFileReference; lastKnownFileType = sourcecode.swift; path = ShortcutRecorderTests.swift; sourceTree = "<group>"; };
		AD0D1046BA428D977E5BA140 /* TranslationServicesSettingsView.swift */ = {isa = PBXFileReference; lastKnownFileType = sourcecode.swift; path = TranslationServicesSettingsView.swift; sourceTree = "<group>"; };
		AD3442C2E9D89A994C4DC14A /* ShortcutTests.swift */ = {isa = PBXFileReference; lastKnownFileType = sourcecode.swift; path = ShortcutTests.swift; sourceTree = "<group>"; };
		AE46B4FF80C76932CCD98196 /* GoogleTranslationLanguages.swift */ = {isa = PBXFileReference; lastKnownFileType = sourcecode.swift; path = GoogleTranslationLanguages.swift; sourceTree = "<group>"; };
		AFFD38B90357F8D22F16B7D9 /* AppUpdateControllerTests.swift */ = {isa = PBXFileReference; lastKnownFileType = sourcecode.swift; path = AppUpdateControllerTests.swift; sourceTree = "<group>"; };
		B1A41C0641F2F6F4AFDD10CE /* TencentTranslationLanguages.swift */ = {isa = PBXFileReference; lastKnownFileType = sourcecode.swift; path = TencentTranslationLanguages.swift; sourceTree = "<group>"; };
		B42B528A37CF56EF73FEA2D3 /* ScreenshotFailureTests.swift */ = {isa = PBXFileReference; lastKnownFileType = sourcecode.swift; path = ScreenshotFailureTests.swift; sourceTree = "<group>"; };
		B755080EAE8CC7303CE31F95 /* TranslationTextEditor.swift */ = {isa = PBXFileReference; lastKnownFileType = sourcecode.swift; path = TranslationTextEditor.swift; sourceTree = "<group>"; };
		B7BD3B63F922DFF4DD062608 /* en */ = {isa = PBXFileReference; lastKnownFileType = text.plist.strings; name = en; path = en.lproj/InfoPlist.strings; sourceTree = "<group>"; };
		B7F53027F0959FB52DD9B453 /* PanelPlacement.swift */ = {isa = PBXFileReference; lastKnownFileType = sourcecode.swift; path = PanelPlacement.swift; sourceTree = "<group>"; };
		B95B6E1B045B63278EC7DEE2 /* CodexRuntimeSessionTests.swift */ = {isa = PBXFileReference; lastKnownFileType = sourcecode.swift; path = CodexRuntimeSessionTests.swift; sourceTree = "<group>"; };
		B97C78332489EA82D5E861AF /* zh-Hans */ = {isa = PBXFileReference; lastKnownFileType = text.plist.strings; name = "zh-Hans"; path = "zh-Hans.lproj/InfoPlist.strings"; sourceTree = "<group>"; };
		BC9BACD5F85C9275F5E211C6 /* TranslationServicePicker.swift */ = {isa = PBXFileReference; lastKnownFileType = sourcecode.swift; path = TranslationServicePicker.swift; sourceTree = "<group>"; };
		BCAA2FD5AC0C13722CAA66A1 /* QwenMTTranslationProvider.swift */ = {isa = PBXFileReference; lastKnownFileType = sourcecode.swift; path = QwenMTTranslationProvider.swift; sourceTree = "<group>"; };
		BCC3B26A67853898FB3FCEA1 /* ShortcutManager.swift */ = {isa = PBXFileReference; lastKnownFileType = sourcecode.swift; path = ShortcutManager.swift; sourceTree = "<group>"; };
		BDCF255FFBB6525B7DB49835 /* DedicatedTranslationLanguages.swift */ = {isa = PBXFileReference; lastKnownFileType = sourcecode.swift; path = DedicatedTranslationLanguages.swift; sourceTree = "<group>"; };
		BE9BAE4CAFA741ADA9BD26B1 /* CaptureLayoutTests.swift */ = {isa = PBXFileReference; lastKnownFileType = sourcecode.swift; path = CaptureLayoutTests.swift; sourceTree = "<group>"; };
		BF07417FDDA13AE6A7A67347 /* TranslationServiceEditorTests.swift */ = {isa = PBXFileReference; lastKnownFileType = sourcecode.swift; path = TranslationServiceEditorTests.swift; sourceTree = "<group>"; };
		C057B396799158FFB5024625 /* CodexAccountController.swift */ = {isa = PBXFileReference; lastKnownFileType = sourcecode.swift; path = CodexAccountController.swift; sourceTree = "<group>"; };
		C0D62C43B361A8F57638898A /* LumaxInteraction.swift */ = {isa = PBXFileReference; lastKnownFileType = sourcecode.swift; path = LumaxInteraction.swift; sourceTree = "<group>"; };
		C226F92C539F9776F6476C3D /* TranslationServiceEditorView.swift */ = {isa = PBXFileReference; lastKnownFileType = sourcecode.swift; path = TranslationServiceEditorView.swift; sourceTree = "<group>"; };
		C2340A9D6AD4FE6F8F195909 /* ScreenshotTranslationController.swift */ = {isa = PBXFileReference; lastKnownFileType = sourcecode.swift; path = ScreenshotTranslationController.swift; sourceTree = "<group>"; };
		C43AE9BCA6ACA9E68C529841 /* WindowLayoutTests.swift */ = {isa = PBXFileReference; lastKnownFileType = sourcecode.swift; path = WindowLayoutTests.swift; sourceTree = "<group>"; };
		C57F29102E30B39A0935579A /* LanguageDetectionTests.swift */ = {isa = PBXFileReference; lastKnownFileType = sourcecode.swift; path = LanguageDetectionTests.swift; sourceTree = "<group>"; };
		CAB68E8C1D2F0ACE999704B7 /* TranslationTextEditorTests.swift */ = {isa = PBXFileReference; lastKnownFileType = sourcecode.swift; path = TranslationTextEditorTests.swift; sourceTree = "<group>"; };
		CACA74BE458FE8D16D6944BF /* TranslationHandoffTests.swift */ = {isa = PBXFileReference; lastKnownFileType = sourcecode.swift; path = TranslationHandoffTests.swift; sourceTree = "<group>"; };
		CB0D9923B997C6A605450659 /* TranslationCommandBar.swift */ = {isa = PBXFileReference; lastKnownFileType = sourcecode.swift; path = TranslationCommandBar.swift; sourceTree = "<group>"; };
		CCA6351AD5853DCED54BFDAF /* TranslationRetryTests.swift */ = {isa = PBXFileReference; lastKnownFileType = sourcecode.swift; path = TranslationRetryTests.swift; sourceTree = "<group>"; };
		CE5ED3A228431C64ECAB7211 /* TranslationServiceModelCatalog.swift */ = {isa = PBXFileReference; lastKnownFileType = sourcecode.swift; path = TranslationServiceModelCatalog.swift; sourceTree = "<group>"; };
		D26DB9B71E4DB7992C71780F /* AXSelectionReader.swift */ = {isa = PBXFileReference; lastKnownFileType = sourcecode.swift; path = AXSelectionReader.swift; sourceTree = "<group>"; };
		D41093ADAC806DEC7DF0F4C7 /* LumaxTooltip.swift */ = {isa = PBXFileReference; lastKnownFileType = sourcecode.swift; path = LumaxTooltip.swift; sourceTree = "<group>"; };
		D9361F8E65E4A794239FDAD4 /* QuickTranslationView.swift */ = {isa = PBXFileReference; lastKnownFileType = sourcecode.swift; path = QuickTranslationView.swift; sourceTree = "<group>"; };
		D97983D988D102EDF6FE4A99 /* LumaxBrandLockup.swift */ = {isa = PBXFileReference; lastKnownFileType = sourcecode.swift; path = LumaxBrandLockup.swift; sourceTree = "<group>"; };
		DCDBE3E7BE7E379E8A267EE2 /* CodexAccountEditorTests.swift */ = {isa = PBXFileReference; lastKnownFileType = sourcecode.swift; path = CodexAccountEditorTests.swift; sourceTree = "<group>"; };
		DF10901335F7E12D74DD6C6F /* TranslationServiceConfiguration.swift */ = {isa = PBXFileReference; lastKnownFileType = sourcecode.swift; path = TranslationServiceConfiguration.swift; sourceTree = "<group>"; };
		E20C1AF8832C53CCCB775528 /* WindowSurface.swift */ = {isa = PBXFileReference; lastKnownFileType = sourcecode.swift; path = WindowSurface.swift; sourceTree = "<group>"; };
		E339D78F276BC9997BC25CF3 /* LumaxScrollStyleTests.swift */ = {isa = PBXFileReference; lastKnownFileType = sourcecode.swift; path = LumaxScrollStyleTests.swift; sourceTree = "<group>"; };
		E85F6E384C2A04B64A4FA920 /* RegionSelectionTests.swift */ = {isa = PBXFileReference; lastKnownFileType = sourcecode.swift; path = RegionSelectionTests.swift; sourceTree = "<group>"; };
		E8FDAAFD8733668B8D9B3BC8 /* BoundedTranslationHTTPTransport.swift */ = {isa = PBXFileReference; lastKnownFileType = sourcecode.swift; path = BoundedTranslationHTTPTransport.swift; sourceTree = "<group>"; };
		EB6E1BBDE703F0CA9FB9C577 /* QwenMTTranslationProviderTests.swift */ = {isa = PBXFileReference; lastKnownFileType = sourcecode.swift; path = QwenMTTranslationProviderTests.swift; sourceTree = "<group>"; };
		EC439D1D5C30B951BD6BB8B3 /* TranslationStatusLight.swift */ = {isa = PBXFileReference; lastKnownFileType = sourcecode.swift; path = TranslationStatusLight.swift; sourceTree = "<group>"; };
		EC814FAEC23A70FC2B928A2D /* SelectionFailureTests.swift */ = {isa = PBXFileReference; lastKnownFileType = sourcecode.swift; path = SelectionFailureTests.swift; sourceTree = "<group>"; };
		EE09EEEC326BFBC3D2D81F23 /* TencentTranslationProviderTests.swift */ = {isa = PBXFileReference; lastKnownFileType = sourcecode.swift; path = TencentTranslationProviderTests.swift; sourceTree = "<group>"; };
		EFF46FC3A6ABB6C8C7A13B16 /* BuildConfigurationTests.swift */ = {isa = PBXFileReference; lastKnownFileType = sourcecode.swift; path = BuildConfigurationTests.swift; sourceTree = "<group>"; };
		F0CFAB2CA48F6EF620317C82 /* AppleTranslationHost.swift */ = {isa = PBXFileReference; lastKnownFileType = sourcecode.swift; path = AppleTranslationHost.swift; sourceTree = "<group>"; };
		F66739A743C4F7DBD6B907CD /* TranslationServiceNavigationCoordinator.swift */ = {isa = PBXFileReference; lastKnownFileType = sourcecode.swift; path = TranslationServiceNavigationCoordinator.swift; sourceTree = "<group>"; };
		F6BFC6E03E562BB07AF43C36 /* QuickHandoffWindowTests.swift */ = {isa = PBXFileReference; lastKnownFileType = sourcecode.swift; path = QuickHandoffWindowTests.swift; sourceTree = "<group>"; };
		FBCDA57C1729673265ACEB45 /* TranslationServiceModelCatalogTests.swift */ = {isa = PBXFileReference; lastKnownFileType = sourcecode.swift; path = TranslationServiceModelCatalogTests.swift; sourceTree = "<group>"; };
		FCAFD15171249958D79B7F57 /* TranslationModel.swift */ = {isa = PBXFileReference; lastKnownFileType = sourcecode.swift; path = TranslationModel.swift; sourceTree = "<group>"; };
		FD3E80179EFFB1FB4BC6AEA0 /* TranslationServiceEditor.swift */ = {isa = PBXFileReference; lastKnownFileType = sourcecode.swift; path = TranslationServiceEditor.swift; sourceTree = "<group>"; };
		FF33BC2A4FA39B56969FEC86 /* TranslationModelTests.swift */ = {isa = PBXFileReference; lastKnownFileType = sourcecode.swift; path = TranslationModelTests.swift; sourceTree = "<group>"; };
/* End PBXFileReference section */

/* Begin PBXFrameworksBuildPhase section */
		DE13AA778708DFECBDCEA84D /* Frameworks */ = {
			isa = PBXFrameworksBuildPhase;
			buildActionMask = 2147483647;
			files = (
				05B52E454089B4B1C8CB3C30 /* Sparkle in Frameworks */,
			);
			runOnlyForDeploymentPostprocessing = 0;
		};
/* End PBXFrameworksBuildPhase section */

/* Begin PBXGroup section */
		0478A32FBFFC087C59A009AE /* Windows */ = {
			isa = PBXGroup;
			children = (
				B7F53027F0959FB52DD9B453 /* PanelPlacement.swift */,
				5947C519F56B592FBFC0B8D4 /* RegionSelectionController.swift */,
				710E3E1CD4BB07ABBD2E777D /* RegionSelectionGeometry.swift */,
				5D987FB52C583A8947850073 /* WindowCoordinator.swift */,
				E20C1AF8832C53CCCB775528 /* WindowSurface.swift */,
			);
			path = Windows;
			sourceTree = "<group>";
		};
		1C42D6FE0AF016B98F6928FD /* App */ = {
			isa = PBXGroup;
			children = (
				038BF1059B28447DBA4D6539 /* AppDelegate.swift */,
				0FCEBDF48CDEC2E409D380DA /* LumaxTranslateApp.swift */,
				77FE0757ED933DD29E9FB6C3 /* MenuBarController.swift */,
				C2340A9D6AD4FE6F8F195909 /* ScreenshotTranslationController.swift */,
			);
			path = App;
			sourceTree = "<group>";
		};
		1C47C9A684AF42E7EA10E7E4 /* UI */ = {
			isa = PBXGroup;
			children = (
				68B6E544D44D4E10DC3532F5 /* Design */,
				4DADBD7B8A9AB5AD74CE8831 /* Settings */,
				B8B7BFE23F1FDAB888106E86 /* Translation */,
			);
			path = UI;
			sourceTree = "<group>";
		};
		29A1BDE6E494A776D89FD51B /* Shortcuts */ = {
			isa = PBXGroup;
			children = (
				0A045351BE4EF4836D438480 /* GlobalShortcut.swift */,
				BCC3B26A67853898FB3FCEA1 /* ShortcutManager.swift */,
			);
			path = Shortcuts;
			sourceTree = "<group>";
		};
		2B423C18C0739ABEC28C6427 /* System */ = {
			isa = PBXGroup;
			children = (
				73B392FFB63F0AE8BCFCE42A /* PermissionStatus.swift */,
				95B2D7C77A1ABED83079AEB3 /* SystemPermission.swift */,
				5795B6FB2C3511E2D8BA9826 /* Capture */,
				B4005A7396FC406A9E2387D0 /* OCR */,
				92E7CD2FB2AFFF4A7581ECC5 /* Selection */,
				29A1BDE6E494A776D89FD51B /* Shortcuts */,
				3DB9E8C78E8AEAC21F4618EB /* Updates */,
			);
			path = System;
			sourceTree = "<group>";
		};
		2CFBDF646B1516DD2645D6AF /* LumaxTranslateTests */ = {
			isa = PBXGroup;
			children = (
				164FB3C3CFEE96EA1537A75B /* AppleTranslationHostTests.swift */,
				6725C4F03B040AB54111D6FE /* AppPreferencesTests.swift */,
				AFFD38B90357F8D22F16B7D9 /* AppUpdateControllerTests.swift */,
				5CAD1BFA3ACD19F1A6D3B588 /* BidirectionalTranslationTests.swift */,
				EFF46FC3A6ABB6C8C7A13B16 /* BuildConfigurationTests.swift */,
				BE9BAE4CAFA741ADA9BD26B1 /* CaptureLayoutTests.swift */,
				73B0FDC8AE38A6E9E4D35B4A /* ClaudeTranslationProviderTests.swift */,
				90B9CB6196295B0C1FE2A051 /* CodexAccountControllerTests.swift */,
				DCDBE3E7BE7E379E8A267EE2 /* CodexAccountEditorTests.swift */,
				B95B6E1B045B63278EC7DEE2 /* CodexRuntimeSessionTests.swift */,
				41C316C6FA7C602D1AF9BB3F /* CodexSavedServiceCheckTests.swift */,
				71A5E43989332BC388F092C2 /* CodexTranslationProviderTests.swift */,
				A871014CF0EE88683EBF3BFD /* DedicatedTranslationProviderTests.swift */,
				03026E261AB5A1EE091E2340 /* GoogleCloudTranslationProviderTests.swift */,
				77C468B834DE6B8E8610737E /* InterfaceLanguageTests.swift */,
				8ACB5EFFB445778CE5C6636F /* IsolatedWindowTestSupport.swift */,
				2117FFCE4A7B3ADAD90EEFD7 /* LanguageCatalogTests.swift */,
				C57F29102E30B39A0935579A /* LanguageDetectionTests.swift */,
				4CF30B45B8C6A7BE4C8AE0D2 /* LanguageMenuTests.swift */,
				67F4B33C7CF5A1A1DD65562B /* LanguageSwitchingWindowTests.swift */,
				71DB31EAA501A0D191D102B5 /* LegacyPreferencesMigrationTests.swift */,
				43B351A1ECB6AE08A859DDF2 /* LocalizationMessageTests.swift */,
				7078DA4B5D7ADF2AFD45B64A /* LocalizedEditorFeedbackTests.swift */,
				E339D78F276BC9997BC25CF3 /* LumaxScrollStyleTests.swift */,
				594B3320E5DF270F973F4C29 /* MaterialPreferencesTests.swift */,
				85246E5D5E3A619371308838 /* MenuBarControllerTests.swift */,
				9E9EAD32D1480E156ED2859E /* OCRServiceTests.swift */,
				9FB81D423587DEEE83406324 /* PanelPlacementTests.swift */,
				738885C7FBB0C1F627D1FAC6 /* QuickEditorTests.swift */,
				F6BFC6E03E562BB07AF43C36 /* QuickHandoffWindowTests.swift */,
				4F5913B296E1BF4992BEFECF /* QuickPanelKeyboardTests.swift */,
				66757E1E2020713A227000C2 /* QuickWindowTests.swift */,
				EB6E1BBDE703F0CA9FB9C577 /* QwenMTTranslationProviderTests.swift */,
				E85F6E384C2A04B64A4FA920 /* RegionSelectionTests.swift */,
				4809658FC1ED784D1E060FDB /* RemoteTranslationProviderTests.swift */,
				19CC946CCB1F5EDF2F5BF94F /* ScreenCaptureTests.swift */,
				533610A3860F6DB19A2EAC67 /* ScreenshotDocumentTests.swift */,
				B42B528A37CF56EF73FEA2D3 /* ScreenshotFailureTests.swift */,
				062D5C032AEA2A8E3433A8A8 /* ScreenshotWorkflowTests.swift */,
				EC814FAEC23A70FC2B928A2D /* SelectionFailureTests.swift */,
				3F79B583D1964E9E35B0B251 /* SelectionTests.swift */,
				ABBAC26766C2D4343605D30A /* ShortcutRecorderTests.swift */,
				0FAF22D72230EEECFDA16E85 /* ShortcutSettingsTests.swift */,
				AD3442C2E9D89A994C4DC14A /* ShortcutTests.swift */,
				EE09EEEC326BFBC3D2D81F23 /* TencentTranslationProviderTests.swift */,
				3A3C2932D4418E3FBA016384 /* TranslationAccountUsageTests.swift */,
				6FF66CC45A3417D525BBAE9A /* TranslationFailureTests.swift */,
				CACA74BE458FE8D16D6944BF /* TranslationHandoffTests.swift */,
				FF33BC2A4FA39B56969FEC86 /* TranslationModelTests.swift */,
				CCA6351AD5853DCED54BFDAF /* TranslationRetryTests.swift */,
				8C107EF8AD0AFAEF2AC3FF5E /* TranslationServiceChecksControllerTests.swift */,
				AA9F6FB5082C3E605A4031D6 /* TranslationServiceConfigurationTests.swift */,
				BF07417FDDA13AE6A7A67347 /* TranslationServiceEditorTests.swift */,
				FBCDA57C1729673265ACEB45 /* TranslationServiceModelCatalogTests.swift */,
				49C77385CB984772CE3B5206 /* TranslationServiceNavigationTests.swift */,
				0FEADFCFC0FB0659372DC98A /* TranslationServiceRoutingTests.swift */,
				A52783EE4E551812DF0233F1 /* TranslationServiceSecretInputTests.swift */,
				28E50958B336DA8B9AEEE88B /* TranslationServiceStoreTests.swift */,
				CAB68E8C1D2F0ACE999704B7 /* TranslationTextEditorTests.swift */,
				9E72752F2DC150DBFB30D453 /* TranslationToolbarTests.swift */,
				40251EA19D0D8D304928CD37 /* TranslationUsageStoreTests.swift */,
				16B0B19DA119AB95B53B41FB /* TranslationUsageTests.swift */,
				C43AE9BCA6ACA9E68C529841 /* WindowLayoutTests.swift */,
				2B4723DD42C17BAB042D2F63 /* WindowPreferencesTests.swift */,
			);
			path = LumaxTranslateTests;
			sourceTree = "<group>";
		};
		3480F851113A8C45429F881E /* Resources */ = {
			isa = PBXGroup;
			children = (
				891A9E2FFC4340F1933C2F5F /* Assets.xcassets */,
				834B51DE03375F4F73FBB21C /* ProviderLogoNotices.txt */,
				80B2D90C64DFD02C46D26B41 /* InfoPlist.strings */,
				8A58E117099936FADF411754 /* Localizable.strings */,
			);
			path = Resources;
			sourceTree = "<group>";
		};
		3DB9E8C78E8AEAC21F4618EB /* Updates */ = {
			isa = PBXGroup;
			children = (
				533B2D400C5CC6A190C75631 /* AppUpdateController.swift */,
			);
			path = Updates;
			sourceTree = "<group>";
		};
		4C500815DB5ABE31111176A0 /* Settings */ = {
			isa = PBXGroup;
			children = (
				454636B40C63368D859E5179 /* AppPreferences.swift */,
				12EDD5EAE0E632EC1C80F6DF /* LegacyPreferencesMigration.swift */,
				15FB22DAED71CB3FC40362CA /* ShortcutSettings.swift */,
			);
			path = Settings;
			sourceTree = "<group>";
		};
		4DADBD7B8A9AB5AD74CE8831 /* Settings */ = {
			isa = PBXGroup;
			children = (
				29833D635DEEBEA9A175EE93 /* CodexAccountSettingsView.swift */,
				6D5EBC9B4294D448BA2286CF /* SettingsView.swift */,
				2FEB36FB909E271D5E1E9954 /* ShortcutRecorder.swift */,
				3C781F869C5165F1A25762EA /* TranslationServiceChecksController.swift */,
				76626A705316EFA4595B56C2 /* TranslationServiceComponents.swift */,
				C226F92C539F9776F6476C3D /* TranslationServiceEditorView.swift */,
				9A54F8D8727658C3C365671D /* TranslationServiceLayoutProbe.swift */,
				F66739A743C4F7DBD6B907CD /* TranslationServiceNavigationCoordinator.swift */,
				6C5A9F5DEF7BB0372FE25F5C /* TranslationServicePickers.swift */,
				AD0D1046BA428D977E5BA140 /* TranslationServicesSettingsView.swift */,
				269BB93AB23C59C626D0781B /* TranslationServiceUsageView.swift */,
			);
			path = Settings;
			sourceTree = "<group>";
		};
		5057ACAC27B4E45502BAF3E5 /* LumaxTranslate */ = {
			isa = PBXGroup;
			children = (
				1C42D6FE0AF016B98F6928FD /* App */,
				3480F851113A8C45429F881E /* Resources */,
				4C500815DB5ABE31111176A0 /* Settings */,
				C5870F7E5306EC14A137EB82 /* Support */,
				2B423C18C0739ABEC28C6427 /* System */,
				71BDE16C2112134E2222ADEA /* Translation */,
				1C47C9A684AF42E7EA10E7E4 /* UI */,
				0478A32FBFFC087C59A009AE /* Windows */,
			);
			path = LumaxTranslate;
			sourceTree = "<group>";
		};
		5795B6FB2C3511E2D8BA9826 /* Capture */ = {
			isa = PBXGroup;
			children = (
				329C0869448ACCA8983383CA /* CaptureGeometry.swift */,
				6644544EDE7F872C9B05F9F0 /* ScreenCaptureService.swift */,
			);
			path = Capture;
			sourceTree = "<group>";
		};
		68B6E544D44D4E10DC3532F5 /* Design */ = {
			isa = PBXGroup;
			children = (
				914A9455DC25D80728268F17 /* AboutView.swift */,
				7CBB119FE77BC640BB0933CB /* LanguageMenu.swift */,
				D97983D988D102EDF6FE4A99 /* LumaxBrandLockup.swift */,
				C0D62C43B361A8F57638898A /* LumaxInteraction.swift */,
				48F607C84BB9FBFC283BCEF9 /* LumaxScrollStyle.swift */,
				1943C93AAB084BEF9604C4D4 /* LumaxTheme.swift */,
				D41093ADAC806DEC7DF0F4C7 /* LumaxTooltip.swift */,
				6FB4768A3BED38DCB3028A16 /* TranslationSplitLayout.swift */,
			);
			path = Design;
			sourceTree = "<group>";
		};
		70E7284FFF5EE85921EDF45A = {
			isa = PBXGroup;
			children = (
				5057ACAC27B4E45502BAF3E5 /* LumaxTranslate */,
				2CFBDF646B1516DD2645D6AF /* LumaxTranslateTests */,
				C4A4E71A72381CF24B14DE09 /* Products */,
			);
			sourceTree = "<group>";
		};
		71BDE16C2112134E2222ADEA /* Translation */ = {
			isa = PBXGroup;
			children = (
				F0CFAB2CA48F6EF620317C82 /* AppleTranslationHost.swift */,
				16DD65E172036930E3A85C9E /* LanguageCatalog.swift */,
				032D23FEC685F4BE3719AE3A /* TranslationFailure.swift */,
				FCAFD15171249958D79B7F57 /* TranslationModel.swift */,
				182ABE138C6DD5B44A976D65 /* TranslationProvider.swift */,
				E34E42BBE36097DFC6A6732B /* Services */,
			);
			path = Translation;
			sourceTree = "<group>";
		};
		84034C1B6831FA2A2A050621 /* Codex */ = {
			isa = PBXGroup;
			children = (
				C057B396799158FFB5024625 /* CodexAccountController.swift */,
				22254E836A7CC8757E244EEF /* CodexRuntimeSession.swift */,
				60D614FC84027B8291259F71 /* CodexTranslationProvider.swift */,
			);
			path = Codex;
			sourceTree = "<group>";
		};
		92E7CD2FB2AFFF4A7581ECC5 /* Selection */ = {
			isa = PBXGroup;
			children = (
				D26DB9B71E4DB7992C71780F /* AXSelectionReader.swift */,
				3035962E8C4D37CF0858D85C /* SelectionClipboard.swift */,
				3C5EDC256E39DAA4904B6392 /* SelectionService.swift */,
				5A1978B17CF1DB3D6885A58D /* SelectionTypes.swift */,
			);
			path = Selection;
			sourceTree = "<group>";
		};
		B4005A7396FC406A9E2387D0 /* OCR */ = {
			isa = PBXGroup;
			children = (
				7B4DF9B395221EE45A9BF994 /* OCRReadingOrder.swift */,
				49EBF0156F2D4E88C055700B /* OCRService.swift */,
				660D0A584FC45E338AB22361 /* ScreenshotDocument.swift */,
			);
			path = OCR;
			sourceTree = "<group>";
		};
		B8B7BFE23F1FDAB888106E86 /* Translation */ = {
			isa = PBXGroup;
			children = (
				49E02596236D931B08E687C5 /* InputTranslationView.swift */,
				D9361F8E65E4A794239FDAD4 /* QuickTranslationView.swift */,
				698FF2AD811C55A9EE27B4B3 /* ScreenshotTranslationWorkspace.swift */,
				CB0D9923B997C6A605450659 /* TranslationCommandBar.swift */,
				A089E44DEBF66A6FCE76FEC0 /* TranslationResultView.swift */,
				BC9BACD5F85C9275F5E211C6 /* TranslationServicePicker.swift */,
				EC439D1D5C30B951BD6BB8B3 /* TranslationStatusLight.swift */,
				B755080EAE8CC7303CE31F95 /* TranslationTextEditor.swift */,
				39E67389263EB3027B4F59E2 /* TranslationWorkspace.swift */,
			);
			path = Translation;
			sourceTree = "<group>";
		};
		C4A4E71A72381CF24B14DE09 /* Products */ = {
			isa = PBXGroup;
			children = (
				5DBE0BEF8FED09C8659747B5 /* LumaxTranslateTests.xctest */,
				188B0694F8449377C0AA2D8E /* TSX.app */,
			);
			name = Products;
			sourceTree = "<group>";
		};
		C5870F7E5306EC14A137EB82 /* Support */ = {
			isa = PBXGroup;
			children = (
				3FEE4DFD4A08160873105F75 /* L10n.swift */,
			);
			path = Support;
			sourceTree = "<group>";
		};
		E34E42BBE36097DFC6A6732B /* Services */ = {
			isa = PBXGroup;
			children = (
				E8FDAAFD8733668B8D9B3BC8 /* BoundedTranslationHTTPTransport.swift */,
				6B72FFB1E218D4F4A8AC630C /* ClaudeTranslationProvider.swift */,
				835745D5E8967A86154BCEBE /* ClaudeTranslationResponseParser.swift */,
				BDCF255FFBB6525B7DB49835 /* DedicatedTranslationLanguages.swift */,
				4ACF48D08DDD845E51863BF0 /* DedicatedTranslationProvider.swift */,
				18816A39AC76C57FDAF2F209 /* GoogleCloudTranslationProvider.swift */,
				AE46B4FF80C76932CCD98196 /* GoogleTranslationLanguages.swift */,
				14EFD8F8B4580CB1B1D046D6 /* QwenMTTranslationLanguages.swift */,
				BCAA2FD5AC0C13722CAA66A1 /* QwenMTTranslationProvider.swift */,
				65E3D4899CAB64AF2A657C0E /* RemoteTranslationError.swift */,
				4D3D11607422F48F76CE5464 /* RemoteTranslationProvider.swift */,
				03B20A003093BFB6B0029AC4 /* RemoteTranslationResponseParser.swift */,
				B1A41C0641F2F6F4AFDD10CE /* TencentTranslationLanguages.swift */,
				142CEE8182DBEB1FCAA72620 /* TencentTranslationProvider.swift */,
				7F8B826F26B49975542C6183 /* TranslationAccountUsage.swift */,
				7652A57E1C1A4B12AA939B87 /* TranslationAccountUsageLoader.swift */,
				329C1068B402A6F063414C8F /* TranslationHTTPPolicy.swift */,
				373EAC23D437E787A0F4510B /* TranslationProviderFactory.swift */,
				DF10901335F7E12D74DD6C6F /* TranslationServiceConfiguration.swift */,
				FD3E80179EFFB1FB4BC6AEA0 /* TranslationServiceEditor.swift */,
				CE5ED3A228431C64ECAB7211 /* TranslationServiceModelCatalog.swift */,
				9E459B28F0AD2938C92BE866 /* TranslationServiceStore.swift */,
				58829047E9DCBADBA6896622 /* TranslationUsageStore.swift */,
				84034C1B6831FA2A2A050621 /* Codex */,
			);
			path = Services;
			sourceTree = "<group>";
		};
/* End PBXGroup section */

/* Begin PBXNativeTarget section */
		7C6E0EB1093EE25F47EBCCC0 /* LumaxTranslateTests */ = {
			isa = PBXNativeTarget;
			buildConfigurationList = 98665051DAF7B9E1E6B169E6 /* Build configuration list for PBXNativeTarget "LumaxTranslateTests" */;
			buildPhases = (
				26C24C55EE5C70117DDD6C34 /* Sources */,
			);
			buildRules = (
			);
			dependencies = (
				9951DB6A2B37734FC52A4B01 /* PBXTargetDependency */,
			);
			name = LumaxTranslateTests;
			packageProductDependencies = (
			);
			productName = LumaxTranslateTests;
			productReference = 5DBE0BEF8FED09C8659747B5 /* LumaxTranslateTests.xctest */;
			productType = "com.apple.product-type.bundle.unit-test";
		};
		EC7DB900033CFFA1B312EF87 /* LumaxTranslate */ = {
			isa = PBXNativeTarget;
			buildConfigurationList = 76B490F3299FC6B65A3B1E1B /* Build configuration list for PBXNativeTarget "LumaxTranslate" */;
			buildPhases = (
				BB40EC23CDE05FC844FC2F08 /* Sources */,
				2B5C1876816D974516B5EEB1 /* Resources */,
				DE13AA778708DFECBDCEA84D /* Frameworks */,
				C00D40C56000913946B3CD2D /* Embed Codex Runtime and Licenses */,
			);
			buildRules = (
			);
			dependencies = (
			);
			name = LumaxTranslate;
			packageProductDependencies = (
				5891EBDA35D33E5825757024 /* Sparkle */,
			);
			productName = LumaxTranslate;
			productReference = 188B0694F8449377C0AA2D8E /* TSX.app */;
			productType = "com.apple.product-type.application";
		};
/* End PBXNativeTarget section */

/* Begin PBXProject section */
		1AA66A8FBB360E521628584B /* Project object */ = {
			isa = PBXProject;
			attributes = {
				BuildIndependentTargetsInParallel = YES;
				LastUpgradeCheck = 1430;
				TargetAttributes = {
					7C6E0EB1093EE25F47EBCCC0 = {
						ProvisioningStyle = Automatic;
					};
					EC7DB900033CFFA1B312EF87 = {
						DevelopmentTeam = 97K37J92QD;
						ProvisioningStyle = Automatic;
					};
				};
			};
			buildConfigurationList = 93683B073EED64FDDBE5442C /* Build configuration list for PBXProject "LumaxTranslate" */;
			developmentRegion = en;
			hasScannedForEncodings = 0;
			knownRegions = (
				Base,
				en,
				"zh-Hans",
			);
			mainGroup = 70E7284FFF5EE85921EDF45A;
			minimizedProjectReferenceProxies = 1;
			packageReferences = (
				B9217B165D84B172DB1257BB /* XCRemoteSwiftPackageReference "Sparkle" */,
			);
			preferredProjectObjectVersion = 77;
			productRefGroup = C4A4E71A72381CF24B14DE09 /* Products */;
			projectDirPath = "";
			projectRoot = "";
			targets = (
				EC7DB900033CFFA1B312EF87 /* LumaxTranslate */,
				7C6E0EB1093EE25F47EBCCC0 /* LumaxTranslateTests */,
			);
		};
/* End PBXProject section */

/* Begin PBXResourcesBuildPhase section */
		2B5C1876816D974516B5EEB1 /* Resources */ = {
			isa = PBXResourcesBuildPhase;
			buildActionMask = 2147483647;
			files = (
				908C32EA28BD70EFEE454190 /* Assets.xcassets in Resources */,
				9EBD26007EB5D499435FC63D /* InfoPlist.strings in Resources */,
				1E5F9F320984FDCA39D68D35 /* Localizable.strings in Resources */,
				1DE37D1CF334DFA0CCF2FD06 /* ProviderLogoNotices.txt in Resources */,
			);
			runOnlyForDeploymentPostprocessing = 0;
		};
/* End PBXResourcesBuildPhase section */

/* Begin PBXShellScriptBuildPhase section */
		C00D40C56000913946B3CD2D /* Embed Codex Runtime and Licenses */ = {
			isa = PBXShellScriptBuildPhase;
			alwaysOutOfDate = 1;
			buildActionMask = 2147483647;
			files = (
			);
			inputFileListPaths = (
			);
			inputPaths = (
				"$(SRCROOT)/.build/CodexRuntime/package/$(CONFIGURATION)/package-manifest.json",
				"$(SRCROOT)/LICENSE",
				"$(SRCROOT)/THIRD_PARTY_NOTICES.md",
				"$(SRCROOT)/Config/Licenses/Sparkle-LICENSE.txt",
			);
			name = "Embed Codex Runtime and Licenses";
			outputFileListPaths = (
			);
			outputPaths = (
				"$(TARGET_BUILD_DIR)/$(CONTENTS_FOLDER_PATH)/Helpers/lumax-codex-runtime",
				"$(TARGET_BUILD_DIR)/$(CONTENTS_FOLDER_PATH)/Resources/CodexThirdPartyNotices.txt",
				"$(TARGET_BUILD_DIR)/$(CONTENTS_FOLDER_PATH)/Resources/TSX-LICENSE.txt",
				"$(TARGET_BUILD_DIR)/$(CONTENTS_FOLDER_PATH)/Resources/TSX-ThirdPartyNotices.md",
				"$(TARGET_BUILD_DIR)/$(CONTENTS_FOLDER_PATH)/Resources/Sparkle-LICENSE.txt",
			);
			runOnlyForDeploymentPostprocessing = 0;
			shellPath = /bin/sh;
			shellScript = "\"$SRCROOT/Scripts/embed-codex-runtime.sh\"";
		};
/* End PBXShellScriptBuildPhase section */

/* Begin PBXSourcesBuildPhase section */
		26C24C55EE5C70117DDD6C34 /* Sources */ = {
			isa = PBXSourcesBuildPhase;
			buildActionMask = 2147483647;
			files = (
				FDE1A3FF4D07734C86766B8E /* AppPreferencesTests.swift in Sources */,
				8F088808DE52A30F7B5A8910 /* AppUpdateControllerTests.swift in Sources */,
				46BAF5E80BA8BF1E2B29B6A0 /* AppleTranslationHostTests.swift in Sources */,
				3A93337BD1C036DF7AFD94C1 /* BidirectionalTranslationTests.swift in Sources */,
				9F07B3536E848FBC6412DF4A /* BuildConfigurationTests.swift in Sources */,
				DE089574A7A5F4F05D58D928 /* CaptureLayoutTests.swift in Sources */,
				E2525D509EEA08B0F3F2DFB0 /* ClaudeTranslationProviderTests.swift in Sources */,
				4E0D4CFC3270FDA5FABB3A7F /* CodexAccountControllerTests.swift in Sources */,
				37B173E7FB619FF51ECF7C51 /* CodexAccountEditorTests.swift in Sources */,
				560325CCDAD51CC34A36D4E6 /* CodexRuntimeSessionTests.swift in Sources */,
				F0E82E360AF4C2DCF8B21E50 /* CodexSavedServiceCheckTests.swift in Sources */,
				C3F46A5AD38B8EAFF37D779B /* CodexTranslationProviderTests.swift in Sources */,
				67EBF107748D20A4ACE82067 /* DedicatedTranslationProviderTests.swift in Sources */,
				A4DAEA6FC40206B40F58D1E9 /* GoogleCloudTranslationProviderTests.swift in Sources */,
				A6CFECE4E3A815ACC4C50295 /* InterfaceLanguageTests.swift in Sources */,
				407BB82A05EFDF05E16BE768 /* IsolatedWindowTestSupport.swift in Sources */,
				2900109ED3EF619B6E777EF4 /* LanguageCatalogTests.swift in Sources */,
				93879EE8732599B9BC5B881F /* LanguageDetectionTests.swift in Sources */,
				68742C6BC517E63DCB44F73C /* LanguageMenuTests.swift in Sources */,
				80FE89FC681E12737D39D9FE /* LanguageSwitchingWindowTests.swift in Sources */,
				19810D811F962CF097F0B204 /* LegacyPreferencesMigrationTests.swift in Sources */,
				BB02D0F09B708D2B62A90E8A /* LocalizationMessageTests.swift in Sources */,
				926349DB4EB7B9358E3F0130 /* LocalizedEditorFeedbackTests.swift in Sources */,
				EB6B71545C3A48A9F6FBA5BF /* LumaxScrollStyleTests.swift in Sources */,
				01C983AF3D24F41743D317EC /* MaterialPreferencesTests.swift in Sources */,
				245A6FA7563DCA96BAF56AD2 /* MenuBarControllerTests.swift in Sources */,
				E94E1C222AB3652B80A62AAD /* OCRServiceTests.swift in Sources */,
				B4CA289D4905889407BC1A35 /* PanelPlacementTests.swift in Sources */,
				C87CEDB2142A4ECB9F9F3E83 /* QuickEditorTests.swift in Sources */,
				7253CAB816CAB3AE01B09A9C /* QuickHandoffWindowTests.swift in Sources */,
				B93A897D878BEDA3964B92E2 /* QuickPanelKeyboardTests.swift in Sources */,
				D408920659CCE9F8142B4AA8 /* QuickWindowTests.swift in Sources */,
				491D574EBA7DD37E9894D9A1 /* QwenMTTranslationProviderTests.swift in Sources */,
				434E06A20A2C51E0FB39B1A2 /* RegionSelectionTests.swift in Sources */,
				E8C2AE80636443123230F07B /* RemoteTranslationProviderTests.swift in Sources */,
				1E42B77759801D00AFE07E37 /* ScreenCaptureTests.swift in Sources */,
				EA66ABC1A337939560C15D72 /* ScreenshotDocumentTests.swift in Sources */,
				8C09BA71C5DB19B663974A0A /* ScreenshotFailureTests.swift in Sources */,
				D8F547303E90CFE19F928B8C /* ScreenshotWorkflowTests.swift in Sources */,
				96535045BB6A97179C391F5A /* SelectionFailureTests.swift in Sources */,
				516824395FD8C0909590DD84 /* SelectionTests.swift in Sources */,
				69CA3BB59976B3817522ACF7 /* ShortcutRecorderTests.swift in Sources */,
				8568CC4CC2973A9F31FED321 /* ShortcutSettingsTests.swift in Sources */,
				56C4372CEEFCE53EE80A4452 /* ShortcutTests.swift in Sources */,
				3D30AB78B8DC8C39902617F4 /* TencentTranslationProviderTests.swift in Sources */,
				447AECF929626F2AF3275F98 /* TranslationAccountUsageTests.swift in Sources */,
				FF266086DCD8F67F63A21068 /* TranslationFailureTests.swift in Sources */,
				C90AC4EB66795A1131295B48 /* TranslationHandoffTests.swift in Sources */,
				B8AACD49BCCC2AD9858AA53D /* TranslationModelTests.swift in Sources */,
				B7E53F82BC6195CB755721C5 /* TranslationRetryTests.swift in Sources */,
				25710F947DE116CEDCE5FB97 /* TranslationServiceChecksControllerTests.swift in Sources */,
				F9668D78FC8F2DF67FED90C3 /* TranslationServiceConfigurationTests.swift in Sources */,
				1C8B3A13A15DCB51F78ACF3A /* TranslationServiceEditorTests.swift in Sources */,
				91B0CF21C330770B752D5A4E /* TranslationServiceModelCatalogTests.swift in Sources */,
				53382B36430F3BBF4DB4C8D0 /* TranslationServiceNavigationTests.swift in Sources */,
				563BCBC66CC8B569BAA4F5CC /* TranslationServiceRoutingTests.swift in Sources */,
				7BF76E76C5FA72FA4B1ED230 /* TranslationServiceSecretInputTests.swift in Sources */,
				CC462E6CEC155680635FDC8E /* TranslationServiceStoreTests.swift in Sources */,
				D0CAA689B9DCCF585FF53097 /* TranslationTextEditorTests.swift in Sources */,
				3784800BDDABF1506B53B7BD /* TranslationToolbarTests.swift in Sources */,
				E6196ECA2C6895885B527AAA /* TranslationUsageStoreTests.swift in Sources */,
				9A9ED9D79F4557D47546785B /* TranslationUsageTests.swift in Sources */,
				BAEE01DAF24658C7F5044899 /* WindowLayoutTests.swift in Sources */,
				DD37603B465D421445FC7AEE /* WindowPreferencesTests.swift in Sources */,
			);
			runOnlyForDeploymentPostprocessing = 0;
		};
		BB40EC23CDE05FC844FC2F08 /* Sources */ = {
			isa = PBXSourcesBuildPhase;
			buildActionMask = 2147483647;
			files = (
				F229DC0BCB3E8C9DCB9FDA47 /* AXSelectionReader.swift in Sources */,
				77090588D5FB602213A6C2BD /* AboutView.swift in Sources */,
				37B7C68E7CA1F65BDD2850A3 /* AppDelegate.swift in Sources */,
				3D85E88540D313A15FE7A432 /* AppPreferences.swift in Sources */,
				941A93E43ADCAA2EB3349EFB /* AppUpdateController.swift in Sources */,
				A6BE9916DE25995D376E2CE7 /* AppleTranslationHost.swift in Sources */,
				03AE28D4BD9FC75022411521 /* BoundedTranslationHTTPTransport.swift in Sources */,
				10671AB3FA9DA9EA8543EDC7 /* CaptureGeometry.swift in Sources */,
				690E827705E78F348EEBCDCA /* ClaudeTranslationProvider.swift in Sources */,
				1767F3DA1433149D8C05BC15 /* ClaudeTranslationResponseParser.swift in Sources */,
				FF8CCDF10D41DDB5304B218C /* CodexAccountController.swift in Sources */,
				F9CEEE43D3526B9321AD05D5 /* CodexAccountSettingsView.swift in Sources */,
				D71B90D7823F6B621D05D2B3 /* CodexRuntimeSession.swift in Sources */,
				08028697A7DC2F33BD8D8461 /* CodexTranslationProvider.swift in Sources */,
				7554AC152F52ADC42AE609B0 /* DedicatedTranslationLanguages.swift in Sources */,
				2294ED335B7FAECF95F2D4E7 /* DedicatedTranslationProvider.swift in Sources */,
				EB044616010C3AAF72CAD0FD /* GlobalShortcut.swift in Sources */,
				5BDAAD52B574D808F47C2ECA /* GoogleCloudTranslationProvider.swift in Sources */,
				5D0F7E117D92F00B9DCE56A4 /* GoogleTranslationLanguages.swift in Sources */,
				AFC6202FE0900891DD2A41F0 /* InputTranslationView.swift in Sources */,
				315DEBE8145BC3C99DC1E6D6 /* L10n.swift in Sources */,
				15BA4DD759503EE4FF00A094 /* LanguageCatalog.swift in Sources */,
				C0D0E88E096855C3C8FB8710 /* LanguageMenu.swift in Sources */,
				45C795A36E74570ED91DA165 /* LegacyPreferencesMigration.swift in Sources */,
				A409175AB9AF515DF7273BDC /* LumaxBrandLockup.swift in Sources */,
				94575FA7F4DA0BFECAAC96ED /* LumaxInteraction.swift in Sources */,
				67A7FFD47C790F58A10D62B9 /* LumaxScrollStyle.swift in Sources */,
				91F32A24E18D8A14CC887DB1 /* LumaxTheme.swift in Sources */,
				C8439D866105693683F21132 /* LumaxTooltip.swift in Sources */,
				649DDFB833A58153C6869B32 /* LumaxTranslateApp.swift in Sources */,
				F68A8A385ACB53B29C0E26A9 /* MenuBarController.swift in Sources */,
				CE6E92120B162CEFD09310B8 /* OCRReadingOrder.swift in Sources */,
				91CF9FBDA1435E97509BC2A0 /* OCRService.swift in Sources */,
				99F2C1B6CE957DF312B6AD0B /* PanelPlacement.swift in Sources */,
				2B5F499C90CA671B4AA0D451 /* PermissionStatus.swift in Sources */,
				BBD65CE50D9A55B10AC80B4E /* QuickTranslationView.swift in Sources */,
				9BFBC23513D75FBCEAB0330A /* QwenMTTranslationLanguages.swift in Sources */,
				F580B807046090C417A9844C /* QwenMTTranslationProvider.swift in Sources */,
				00A7F7EF2BCA8903A645DD37 /* RegionSelectionController.swift in Sources */,
				A4250DDB7B4C81D2056421A5 /* RegionSelectionGeometry.swift in Sources */,
				0CDA3277EEC3D848E50B5A56 /* RemoteTranslationError.swift in Sources */,
				1438D21F582EBB6DF46DFCF6 /* RemoteTranslationProvider.swift in Sources */,
				9BBB15FFB28DAE07B5CF8DC2 /* RemoteTranslationResponseParser.swift in Sources */,
				9F62A5671B499A09ED4992D7 /* ScreenCaptureService.swift in Sources */,
				761B2424FF4AE0EB3EEC574A /* ScreenshotDocument.swift in Sources */,
				A0590739EF453B05AEC6E033 /* ScreenshotTranslationController.swift in Sources */,
				AC8A42BD0F93DF80D74EB460 /* ScreenshotTranslationWorkspace.swift in Sources */,
				B688F5158BC8C540A275DB8A /* SelectionClipboard.swift in Sources */,
				B4930B2E062060809928F750 /* SelectionService.swift in Sources */,
				4838B27114638F0DD5A77225 /* SelectionTypes.swift in Sources */,
				EB2A070F88C891D2B646B3B8 /* SettingsView.swift in Sources */,
				2DE16FD248B8957E4D70775F /* ShortcutManager.swift in Sources */,
				9B8CD8F577517EE54E905F2D /* ShortcutRecorder.swift in Sources */,
				04CF8449A63185FE489FBA9C /* ShortcutSettings.swift in Sources */,
				137A404087294C3A9F429AE2 /* SystemPermission.swift in Sources */,
				A7AAFDE5AF3517E7966448EF /* TencentTranslationLanguages.swift in Sources */,
				D2142E9A4FBD8083B0A2864C /* TencentTranslationProvider.swift in Sources */,
				63351154290A7BC283F04996 /* TranslationAccountUsage.swift in Sources */,
				122652C65D6F39E370FAD818 /* TranslationAccountUsageLoader.swift in Sources */,
				7F1E749E63E34DE741691394 /* TranslationCommandBar.swift in Sources */,
				6038ABBE17118C09B0315F34 /* TranslationFailure.swift in Sources */,
				D91E95AB3F50AC64D7D0ADF9 /* TranslationHTTPPolicy.swift in Sources */,
				17BB4AEE2A4B5CE7E8F424A0 /* TranslationModel.swift in Sources */,
				043BCE63ED6C779D32EAE1D7 /* TranslationProvider.swift in Sources */,
				91C2CDFCE0A0E6E622BFAF6C /* TranslationProviderFactory.swift in Sources */,
				A4FB3E8A0C51C897DDF281CC /* TranslationResultView.swift in Sources */,
				F3BBC7F40BD9CF081D0B8030 /* TranslationServiceChecksController.swift in Sources */,
				FA706C342009FBF89366A6BE /* TranslationServiceComponents.swift in Sources */,
				84D8C8A0C4D809DD1A0122E9 /* TranslationServiceConfiguration.swift in Sources */,
				A2AD0FCAE48481ACE07E862D /* TranslationServiceEditor.swift in Sources */,
				EAFC86828EF55D1988B4F625 /* TranslationServiceEditorView.swift in Sources */,
				005401E5AAEAA859BC0A2458 /* TranslationServiceLayoutProbe.swift in Sources */,
				33ACC50D201825D7639E0989 /* TranslationServiceModelCatalog.swift in Sources */,
				9A0E31BE4011FEAE494B1346 /* TranslationServiceNavigationCoordinator.swift in Sources */,
				289CFFD9B333AB2C8BDDEE6D /* TranslationServicePicker.swift in Sources */,
				8E24DBE30BFAE1EF971AE820 /* TranslationServicePickers.swift in Sources */,
				C4BC2F626340025CBDA70892 /* TranslationServiceStore.swift in Sources */,
				9957E652BD1E763E5E742A8F /* TranslationServiceUsageView.swift in Sources */,
				A0FE1497490235C1F63DE1F6 /* TranslationServicesSettingsView.swift in Sources */,
				E1560BEE70DCAA3D78E3DF55 /* TranslationSplitLayout.swift in Sources */,
				BB65EF99EA0FF97DD1532387 /* TranslationStatusLight.swift in Sources */,
				3396870330D0EEEC1DA08D6D /* TranslationTextEditor.swift in Sources */,
				B3B7FEEDD0A0F5EEAD62FADA /* TranslationUsageStore.swift in Sources */,
				5BBF7035C0DF77ADF8EA9D04 /* TranslationWorkspace.swift in Sources */,
				7B2EDFC7699BE0083B8C89FE /* WindowCoordinator.swift in Sources */,
				EB6DCAEB4A2991D7986F771D /* WindowSurface.swift in Sources */,
			);
			runOnlyForDeploymentPostprocessing = 0;
		};
/* End PBXSourcesBuildPhase section */

/* Begin PBXTargetDependency section */
		9951DB6A2B37734FC52A4B01 /* PBXTargetDependency */ = {
			isa = PBXTargetDependency;
			target = EC7DB900033CFFA1B312EF87 /* LumaxTranslate */;
			targetProxy = C10E93C5A7A440CDBB644A3D /* PBXContainerItemProxy */;
		};
/* End PBXTargetDependency section */

/* Begin PBXVariantGroup section */
		80B2D90C64DFD02C46D26B41 /* InfoPlist.strings */ = {
			isa = PBXVariantGroup;
			children = (
				B7BD3B63F922DFF4DD062608 /* en */,
				B97C78332489EA82D5E861AF /* zh-Hans */,
			);
			name = InfoPlist.strings;
			sourceTree = "<group>";
		};
		8A58E117099936FADF411754 /* Localizable.strings */ = {
			isa = PBXVariantGroup;
			children = (
				609B99FD6AC732CAD3B4859E /* en */,
				45FA2A99845EE64E1AFE24A6 /* zh-Hans */,
			);
			name = Localizable.strings;
			sourceTree = "<group>";
		};
/* End PBXVariantGroup section */

/* Begin XCBuildConfiguration section */
		0700F678D14DA46EEB85B76B /* Release */ = {
			isa = XCBuildConfiguration;
			buildSettings = {
				BUNDLE_LOADER = "$(TEST_HOST)";
				COMBINE_HIDPI_IMAGES = YES;
				GENERATE_INFOPLIST_FILE = YES;
				LD_RUNPATH_SEARCH_PATHS = (
					"$(inherited)",
					"@executable_path/../Frameworks",
					"@loader_path/../Frameworks",
				);
				PRODUCT_BUNDLE_IDENTIFIER = com.lumax.tsx.Tests;
				SDKROOT = macosx;
				TEST_HOST = "$(BUILT_PRODUCTS_DIR)/TSX.app/Contents/MacOS/TSX";
			};
			name = Release;
		};
		6A76228E2983A893FD340A5C /* Debug */ = {
			isa = XCBuildConfiguration;
			buildSettings = {
				ASSETCATALOG_COMPILER_APPICON_NAME = AppIcon;
				CODE_SIGN_ENTITLEMENTS = Config/LumaxTranslate.entitlements;
				COMBINE_HIDPI_IMAGES = YES;
				CURRENT_PROJECT_VERSION = 1;
				DEVELOPMENT_TEAM = 97K37J92QD;
				ENABLE_DEBUG_DYLIB = NO;
				GENERATE_INFOPLIST_FILE = YES;
				INFOPLIST_FILE = Config/Info.plist;
				INFOPLIST_KEY_CFBundleDisplayName = TSX;
				INFOPLIST_KEY_LSApplicationCategoryType = "public.app-category.productivity";
				LD_RUNPATH_SEARCH_PATHS = (
					"$(inherited)",
					"@executable_path/../Frameworks",
				);
				LUMAX_APP_BUNDLE_IDENTIFIER = com.lumax.tsx;
				MARKETING_VERSION = 1.0.0;
				OTHER_CODE_SIGN_FLAGS = "$(inherited) --options runtime";
				PRODUCT_BUNDLE_IDENTIFIER = "$(LUMAX_APP_BUNDLE_IDENTIFIER)";
				PRODUCT_MODULE_NAME = LumaxTranslate;
				PRODUCT_NAME = TSX;
				SDKROOT = macosx;
				SWIFT_ACTIVE_COMPILATION_CONDITIONS = "$(inherited) LUMAX_DIRECT";
			};
			name = Debug;
		};
		B30F6CA883E321EA1FA38E2F /* Release */ = {
			isa = XCBuildConfiguration;
			buildSettings = {
				ALWAYS_SEARCH_USER_PATHS = NO;
				CLANG_ANALYZER_NONNULL = YES;
				CLANG_ANALYZER_NUMBER_OBJECT_CONVERSION = YES_AGGRESSIVE;
				CLANG_CXX_LANGUAGE_STANDARD = "gnu++14";
				CLANG_CXX_LIBRARY = "libc++";
				CLANG_ENABLE_MODULES = YES;
				CLANG_ENABLE_OBJC_ARC = YES;
				CLANG_ENABLE_OBJC_WEAK = YES;
				CLANG_WARN_BLOCK_CAPTURE_AUTORELEASING = YES;
				CLANG_WARN_BOOL_CONVERSION = YES;
				CLANG_WARN_COMMA = YES;
				CLANG_WARN_CONSTANT_CONVERSION = YES;
				CLANG_WARN_DEPRECATED_OBJC_IMPLEMENTATIONS = YES;
				CLANG_WARN_DIRECT_OBJC_ISA_USAGE = YES_ERROR;
				CLANG_WARN_DOCUMENTATION_COMMENTS = YES;
				CLANG_WARN_EMPTY_BODY = YES;
				CLANG_WARN_ENUM_CONVERSION = YES;
				CLANG_WARN_INFINITE_RECURSION = YES;
				CLANG_WARN_INT_CONVERSION = YES;
				CLANG_WARN_NON_LITERAL_NULL_CONVERSION = YES;
				CLANG_WARN_OBJC_IMPLICIT_RETAIN_SELF = YES;
				CLANG_WARN_OBJC_LITERAL_CONVERSION = YES;
				CLANG_WARN_OBJC_ROOT_CLASS = YES_ERROR;
				CLANG_WARN_QUOTED_INCLUDE_IN_FRAMEWORK_HEADER = YES;
				CLANG_WARN_RANGE_LOOP_ANALYSIS = YES;
				CLANG_WARN_STRICT_PROTOTYPES = YES;
				CLANG_WARN_SUSPICIOUS_MOVE = YES;
				CLANG_WARN_UNGUARDED_AVAILABILITY = YES_AGGRESSIVE;
				CLANG_WARN_UNREACHABLE_CODE = YES;
				CLANG_WARN__DUPLICATE_METHOD_MATCH = YES;
				CODE_SIGN_STYLE = Automatic;
				COPY_PHASE_STRIP = NO;
				DEBUG_INFORMATION_FORMAT = "dwarf-with-dsym";
				ENABLE_APP_SANDBOX = NO;
				ENABLE_HARDENED_RUNTIME = YES;
				ENABLE_NS_ASSERTIONS = NO;
				ENABLE_STRICT_OBJC_MSGSEND = YES;
				GCC_C_LANGUAGE_STANDARD = gnu11;
				GCC_NO_COMMON_BLOCKS = YES;
				GCC_TREAT_WARNINGS_AS_ERRORS = YES;
				GCC_WARN_64_TO_32_BIT_CONVERSION = YES;
				GCC_WARN_ABOUT_RETURN_TYPE = YES_ERROR;
				GCC_WARN_UNDECLARED_SELECTOR = YES;
				GCC_WARN_UNINITIALIZED_AUTOS = YES_AGGRESSIVE;
				GCC_WARN_UNUSED_FUNCTION = YES;
				GCC_WARN_UNUSED_VARIABLE = YES;
				MACOSX_DEPLOYMENT_TARGET = 15.0;
				MTL_ENABLE_DEBUG_INFO = NO;
				MTL_FAST_MATH = YES;
				PRODUCT_NAME = "$(TARGET_NAME)";
				SDKROOT = macosx;
				SWIFT_COMPILATION_MODE = wholemodule;
				SWIFT_OPTIMIZATION_LEVEL = "-O";
				SWIFT_STRICT_CONCURRENCY = complete;
				SWIFT_TREAT_WARNINGS_AS_ERRORS = YES;
				SWIFT_VERSION = 6.0;
			};
			name = Release;
		};
		BCD0D64B11E02B3A1B70B57B /* Release */ = {
			isa = XCBuildConfiguration;
			buildSettings = {
				ASSETCATALOG_COMPILER_APPICON_NAME = AppIcon;
				CODE_SIGN_ENTITLEMENTS = Config/LumaxTranslate.entitlements;
				CODE_SIGN_INJECT_BASE_ENTITLEMENTS = NO;
				COMBINE_HIDPI_IMAGES = YES;
				CURRENT_PROJECT_VERSION = 1;
				DEVELOPMENT_TEAM = 97K37J92QD;
				ENABLE_DEBUG_DYLIB = NO;
				GENERATE_INFOPLIST_FILE = YES;
				INFOPLIST_FILE = Config/Info.plist;
				INFOPLIST_KEY_CFBundleDisplayName = TSX;
				INFOPLIST_KEY_LSApplicationCategoryType = "public.app-category.productivity";
				LD_RUNPATH_SEARCH_PATHS = (
					"$(inherited)",
					"@executable_path/../Frameworks",
				);
				LUMAX_APP_BUNDLE_IDENTIFIER = com.lumax.tsx;
				MARKETING_VERSION = 1.0.0;
				OTHER_CODE_SIGN_FLAGS = "$(inherited) --options runtime";
				PRODUCT_BUNDLE_IDENTIFIER = "$(LUMAX_APP_BUNDLE_IDENTIFIER)";
				PRODUCT_MODULE_NAME = LumaxTranslate;
				PRODUCT_NAME = TSX;
				SDKROOT = macosx;
				SWIFT_ACTIVE_COMPILATION_CONDITIONS = "$(inherited) LUMAX_DIRECT";
			};
			name = Release;
		};
		EBDA073B7C4C978329914964 /* Debug */ = {
			isa = XCBuildConfiguration;
			buildSettings = {
				ALWAYS_SEARCH_USER_PATHS = NO;
				CLANG_ANALYZER_NONNULL = YES;
				CLANG_ANALYZER_NUMBER_OBJECT_CONVERSION = YES_AGGRESSIVE;
				CLANG_CXX_LANGUAGE_STANDARD = "gnu++14";
				CLANG_CXX_LIBRARY = "libc++";
				CLANG_ENABLE_MODULES = YES;
				CLANG_ENABLE_OBJC_ARC = YES;
				CLANG_ENABLE_OBJC_WEAK = YES;
				CLANG_WARN_BLOCK_CAPTURE_AUTORELEASING = YES;
				CLANG_WARN_BOOL_CONVERSION = YES;
				CLANG_WARN_COMMA = YES;
				CLANG_WARN_CONSTANT_CONVERSION = YES;
				CLANG_WARN_DEPRECATED_OBJC_IMPLEMENTATIONS = YES;
				CLANG_WARN_DIRECT_OBJC_ISA_USAGE = YES_ERROR;
				CLANG_WARN_DOCUMENTATION_COMMENTS = YES;
				CLANG_WARN_EMPTY_BODY = YES;
				CLANG_WARN_ENUM_CONVERSION = YES;
				CLANG_WARN_INFINITE_RECURSION = YES;
				CLANG_WARN_INT_CONVERSION = YES;
				CLANG_WARN_NON_LITERAL_NULL_CONVERSION = YES;
				CLANG_WARN_OBJC_IMPLICIT_RETAIN_SELF = YES;
				CLANG_WARN_OBJC_LITERAL_CONVERSION = YES;
				CLANG_WARN_OBJC_ROOT_CLASS = YES_ERROR;
				CLANG_WARN_QUOTED_INCLUDE_IN_FRAMEWORK_HEADER = YES;
				CLANG_WARN_RANGE_LOOP_ANALYSIS = YES;
				CLANG_WARN_STRICT_PROTOTYPES = YES;
				CLANG_WARN_SUSPICIOUS_MOVE = YES;
				CLANG_WARN_UNGUARDED_AVAILABILITY = YES_AGGRESSIVE;
				CLANG_WARN_UNREACHABLE_CODE = YES;
				CLANG_WARN__DUPLICATE_METHOD_MATCH = YES;
				CODE_SIGN_STYLE = Automatic;
				COPY_PHASE_STRIP = NO;
				DEBUG_INFORMATION_FORMAT = dwarf;
				ENABLE_APP_SANDBOX = NO;
				ENABLE_HARDENED_RUNTIME = YES;
				ENABLE_STRICT_OBJC_MSGSEND = YES;
				ENABLE_TESTABILITY = YES;
				GCC_C_LANGUAGE_STANDARD = gnu11;
				GCC_DYNAMIC_NO_PIC = NO;
				GCC_NO_COMMON_BLOCKS = YES;
				GCC_OPTIMIZATION_LEVEL = 0;
				GCC_PREPROCESSOR_DEFINITIONS = (
					"$(inherited)",
					"DEBUG=1",
				);
				GCC_TREAT_WARNINGS_AS_ERRORS = YES;
				GCC_WARN_64_TO_32_BIT_CONVERSION = YES;
				GCC_WARN_ABOUT_RETURN_TYPE = YES_ERROR;
				GCC_WARN_UNDECLARED_SELECTOR = YES;
				GCC_WARN_UNINITIALIZED_AUTOS = YES_AGGRESSIVE;
				GCC_WARN_UNUSED_FUNCTION = YES;
				GCC_WARN_UNUSED_VARIABLE = YES;
				MACOSX_DEPLOYMENT_TARGET = 15.0;
				MTL_ENABLE_DEBUG_INFO = INCLUDE_SOURCE;
				MTL_FAST_MATH = YES;
				ONLY_ACTIVE_ARCH = YES;
				PRODUCT_NAME = "$(TARGET_NAME)";
				SDKROOT = macosx;
				SWIFT_ACTIVE_COMPILATION_CONDITIONS = DEBUG;
				SWIFT_OPTIMIZATION_LEVEL = "-Onone";
				SWIFT_STRICT_CONCURRENCY = complete;
				SWIFT_TREAT_WARNINGS_AS_ERRORS = YES;
				SWIFT_VERSION = 6.0;
			};
			name = Debug;
		};
		EFB9F89D1AD87BD01A9BE4E6 /* Debug */ = {
			isa = XCBuildConfiguration;
			buildSettings = {
				BUNDLE_LOADER = "$(TEST_HOST)";
				COMBINE_HIDPI_IMAGES = YES;
				GENERATE_INFOPLIST_FILE = YES;
				LD_RUNPATH_SEARCH_PATHS = (
					"$(inherited)",
					"@executable_path/../Frameworks",
					"@loader_path/../Frameworks",
				);
				PRODUCT_BUNDLE_IDENTIFIER = com.lumax.tsx.Tests;
				SDKROOT = macosx;
				TEST_HOST = "$(BUILT_PRODUCTS_DIR)/TSX.app/Contents/MacOS/TSX";
			};
			name = Debug;
		};
/* End XCBuildConfiguration section */

/* Begin XCConfigurationList section */
		76B490F3299FC6B65A3B1E1B /* Build configuration list for PBXNativeTarget "LumaxTranslate" */ = {
			isa = XCConfigurationList;
			buildConfigurations = (
				6A76228E2983A893FD340A5C /* Debug */,
				BCD0D64B11E02B3A1B70B57B /* Release */,
			);
			defaultConfigurationIsVisible = 0;
			defaultConfigurationName = Debug;
		};
		93683B073EED64FDDBE5442C /* Build configuration list for PBXProject "LumaxTranslate" */ = {
			isa = XCConfigurationList;
			buildConfigurations = (
				EBDA073B7C4C978329914964 /* Debug */,
				B30F6CA883E321EA1FA38E2F /* Release */,
			);
			defaultConfigurationIsVisible = 0;
			defaultConfigurationName = Debug;
		};
		98665051DAF7B9E1E6B169E6 /* Build configuration list for PBXNativeTarget "LumaxTranslateTests" */ = {
			isa = XCConfigurationList;
			buildConfigurations = (
				EFB9F89D1AD87BD01A9BE4E6 /* Debug */,
				0700F678D14DA46EEB85B76B /* Release */,
			);
			defaultConfigurationIsVisible = 0;
			defaultConfigurationName = Debug;
		};
/* End XCConfigurationList section */

/* Begin XCRemoteSwiftPackageReference section */
		B9217B165D84B172DB1257BB /* XCRemoteSwiftPackageReference "Sparkle" */ = {
			isa = XCRemoteSwiftPackageReference;
			repositoryURL = "https://github.com/sparkle-project/Sparkle";
			requirement = {
				kind = exactVersion;
				version = 2.10.0;
			};
		};
/* End XCRemoteSwiftPackageReference section */

/* Begin XCSwiftPackageProductDependency section */
		5891EBDA35D33E5825757024 /* Sparkle */ = {
			isa = XCSwiftPackageProductDependency;
			package = B9217B165D84B172DB1257BB /* XCRemoteSwiftPackageReference "Sparkle" */;
			productName = Sparkle;
		};
/* End XCSwiftPackageProductDependency section */
	};
	rootObject = 1AA66A8FBB360E521628584B /* Project object */;
}
